// !$*UTF8*$!
{
	archiveVersion = 1;
	classes = {
	};
	objectVersion = 46;
	objects = {

/* Begin PBXBuildFile section */
		8A16DD541803E0990056706B /* SimpleFboVBuffer.mm in Sources */ = {isa = PBXBuildFile; fileRef = 8A16DD531803E0980056706B /* SimpleFboVBuffer.mm */; };
		8A38C3491802CA3C00DB435F /* Shader.fragsh in Resources */ = {isa = PBXBuildFile; fileRef = 8A38C33D1802C97600DB435F /* Shader.fragsh */; };
		8A38C34A1802CA3C00DB435F /* Shader.vertsh in Resources */ = {isa = PBXBuildFile; fileRef = 8A38C33E1802C97600DB435F /* Shader.vertsh */; };
		8A38C34B1802CA3C00DB435F /* ShaderSimpleFbo.vertsh in Resources */ = {isa = PBXBuildFile; fileRef = 8A38C33F1802C97600DB435F /* ShaderSimpleFbo.vertsh */; };
		8A38C34C1802CA3C00DB435F /* ShaderSimpleTexture.fragsh in Resources */ = {isa = PBXBuildFile; fileRef = 8A38C3401802C97600DB435F /* ShaderSimpleTexture.fragsh */; };
		8A38C34D1802CA3C00DB435F /* ShaderSimpleTexture.vertsh in Resources */ = {isa = PBXBuildFile; fileRef = 8A38C3411802C97600DB435F /* ShaderSimpleTexture.vertsh */; };
		8A38C34E1802CA3C00DB435F /* ShaderSimpleTriangle.vertsh in Resources */ = {isa = PBXBuildFile; fileRef = 8A38C3421802C97600DB435F /* ShaderSimpleTriangle.vertsh */; };
		8A65F59A17E9B3EE00A5AD35 /* TextureBase.mm in Sources */ = {isa = PBXBuildFile; fileRef = 8A65F59917E9B3EE00A5AD35 /* TextureBase.mm */; };
		8A7620CC180000D90074E85C /* FboBase.mm in Sources */ = {isa = PBXBuildFile; fileRef = 8A7620CB180000D90074E85C /* FboBase.mm */; };
		8A78566817E5B13A001EAB1F /* UIKit.framework in Frameworks */ = {isa = PBXBuildFile; fileRef = 8A78566717E5B13A001EAB1F /* UIKit.framework */; };
		8A78566A17E5B13A001EAB1F /* Foundation.framework in Frameworks */ = {isa = PBXBuildFile; fileRef = 8A78566917E5B13A001EAB1F /* Foundation.framework */; };
		8A78566C17E5B13A001EAB1F /* CoreGraphics.framework in Frameworks */ = {isa = PBXBuildFile; fileRef = 8A78566B17E5B13A001EAB1F /* CoreGraphics.framework */; };
		8A78566E17E5B13A001EAB1F /* GLKit.framework in Frameworks */ = {isa = PBXBuildFile; fileRef = 8A78566D17E5B13A001EAB1F /* GLKit.framework */; };
		8A78567017E5B13A001EAB1F /* OpenGLES.framework in Frameworks */ = {isa = PBXBuildFile; fileRef = 8A78566F17E5B13A001EAB1F /* OpenGLES.framework */; };
		8A78567617E5B13A001EAB1F /* InfoPlist.strings in Resources */ = {isa = PBXBuildFile; fileRef = 8A78567417E5B13A001EAB1F /* InfoPlist.strings */; };
		8A78567817E5B13A001EAB1F /* main.m in Sources */ = {isa = PBXBuildFile; fileRef = 8A78567717E5B13A001EAB1F /* main.m */; };
		8A78567C17E5B13A001EAB1F /* AppDelegate.mm in Sources */ = {isa = PBXBuildFile; fileRef = 8A78567B17E5B13A001EAB1F /* AppDelegate.mm */; };
		8A78567E17E5B13A001EAB1F /* Default.png in Resources */ = {isa = PBXBuildFile; fileRef = 8A78567D17E5B13A001EAB1F /* Default.png */; };
		8A78568017E5B13A001EAB1F /* Default@2x.png in Resources */ = {isa = PBXBuildFile; fileRef = 8A78567F17E5B13A001EAB1F /* Default@2x.png */; };
		8A78568217E5B13A001EAB1F /* Default-568h@2x.png in Resources */ = {isa = PBXBuildFile; fileRef = 8A78568117E5B13A001EAB1F /* Default-568h@2x.png */; };
		8A78569417E5B35E001EAB1F /* ShaderBase.mm in Sources */ = {isa = PBXBuildFile; fileRef = 8A78569317E5B35E001EAB1F /* ShaderBase.mm */; };
		8A97E18E17E6C47700B5B4E8 /* TitleViewController.mm in Sources */ = {isa = PBXBuildFile; fileRef = 8A97E18C17E6C47700B5B4E8 /* TitleViewController.mm */; };
		8A97E18F17E6C47700B5B4E8 /* TitleViewController.xib in Resources */ = {isa = PBXBuildFile; fileRef = 8A97E18D17E6C47700B5B4E8 /* TitleViewController.xib */; };
		8A97E1CD17E6E85300B5B4E8 /* VArrayBase.mm in Sources */ = {isa = PBXBuildFile; fileRef = 8A97E1CC17E6E85300B5B4E8 /* VArrayBase.mm */; };
		8AB6448317E8327600F32580 /* SimpleTriangleShader.mm in Sources */ = {isa = PBXBuildFile; fileRef = 8AB6448217E8327600F32580 /* SimpleTriangleShader.mm */; };
		8AB6448717E8364100F32580 /* SimpleTriangleBuffer.mm in Sources */ = {isa = PBXBuildFile; fileRef = 8AB6448617E8364100F32580 /* SimpleTriangleBuffer.mm */; };
		8AB6449217E8451F00F32580 /* SimpleTextureShader.mm in Sources */ = {isa = PBXBuildFile; fileRef = 8AB6449117E8451F00F32580 /* SimpleTextureShader.mm */; };
		8AB6449B17E84CD500F32580 /* SimpleTextureVBuffer.mm in Sources */ = {isa = PBXBuildFile; fileRef = 8AB6449A17E84CD500F32580 /* SimpleTextureVBuffer.mm */; };
		8AB644A017E8501700F32580 /* BG001.png in Resources */ = {isa = PBXBuildFile; fileRef = 8AB6449F17E8501700F32580 /* BG001.png */; };
		8AC75BB217FECBDC00CE96DE /* SimpleFboShader.mm in Sources */ = {isa = PBXBuildFile; fileRef = 8AC75BB117FECBDC00CE96DE /* SimpleFboShader.mm */; };
		8AD3592C17EAF59F00BE0B1F /* GameViewController.mm in Sources */ = {isa = PBXBuildFile; fileRef = 8AD3592A17EAF59F00BE0B1F /* GameViewController.mm */; };
		8AD3592D17EAF59F00BE0B1F /* GameViewController.xib in Resources */ = {isa = PBXBuildFile; fileRef = 8AD3592B17EAF59F00BE0B1F /* GameViewController.xib */; };
		8AD3592F17EB054E00BE0B1F /* QuartzCore.framework in Frameworks */ = {isa = PBXBuildFile; fileRef = 8AD3592E17EB054E00BE0B1F /* QuartzCore.framework */; };
/* End PBXBuildFile section */

/* Begin PBXFileReference section */
		8A16DD521803E0980056706B /* SimpleFboVBuffer.h */ = {isa = PBXFileReference; fileEncoding = 4; lastKnownFileType = sourcecode.c.h; path = SimpleFboVBuffer.h; sourceTree = "<group>"; };
		8A16DD531803E0980056706B /* SimpleFboVBuffer.mm */ = {isa = PBXFileReference; fileEncoding = 4; lastKnownFileType = sourcecode.cpp.objcpp; path = SimpleFboVBuffer.mm; sourceTree = "<group>"; };
		8A38C33D1802C97600DB435F /* Shader.fragsh */ = {isa = PBXFileReference; fileEncoding = 4; lastKnownFileType = text; path = Shader.fragsh; sourceTree = "<group>"; };
		8A38C33E1802C97600DB435F /* Shader.vertsh */ = {isa = PBXFileReference; fileEncoding = 4; lastKnownFileType = text; path = Shader.vertsh; sourceTree = "<group>"; };
		8A38C33F1802C97600DB435F /* ShaderSimpleFbo.vertsh */ = {isa = PBXFileReference; fileEncoding = 4; lastKnownFileType = text; path = ShaderSimpleFbo.vertsh; sourceTree = "<group>"; };
		8A38C3401802C97600DB435F /* ShaderSimpleTexture.fragsh */ = {isa = PBXFileReference; fileEncoding = 4; lastKnownFileType = text; path = ShaderSimpleTexture.fragsh; sourceTree = "<group>"; };
		8A38C3411802C97600DB435F /* ShaderSimpleTexture.vertsh */ = {isa = PBXFileReference; fileEncoding = 4; lastKnownFileType = text; path = ShaderSimpleTexture.vertsh; sourceTree = "<group>"; };
		8A38C3421802C97600DB435F /* ShaderSimpleTriangle.vertsh */ = {isa = PBXFileReference; fileEncoding = 4; lastKnownFileType = text; path = ShaderSimpleTriangle.vertsh; sourceTree = "<group>"; };
		8A65F59817E9B3EE00A5AD35 /* TextureBase.h */ = {isa = PBXFileReference; fileEncoding = 4; lastKnownFileType = sourcecode.c.h; path = TextureBase.h; sourceTree = "<group>"; };
		8A65F59917E9B3EE00A5AD35 /* TextureBase.mm */ = {isa = PBXFileReference; fileEncoding = 4; lastKnownFileType = sourcecode.cpp.objcpp; path = TextureBase.mm; sourceTree = "<group>"; };
		8A7620CA180000D90074E85C /* FboBase.h */ = {isa = PBXFileReference; fileEncoding = 4; lastKnownFileType = sourcecode.c.h; path = FboBase.h; sourceTree = "<group>"; };
		8A7620CB180000D90074E85C /* FboBase.mm */ = {isa = PBXFileReference; fileEncoding = 4; lastKnownFileType = sourcecode.cpp.objcpp; path = FboBase.mm; sourceTree = "<group>"; };
		8A78566417E5B13A001EAB1F /* practiceOfGLKView.app */ = {isa = PBXFileReference; explicitFileType = wrapper.application; includeInIndex = 0; path = practiceOfGLKView.app; sourceTree = BUILT_PRODUCTS_DIR; };
		8A78566717E5B13A001EAB1F /* UIKit.framework */ = {isa = PBXFileReference; lastKnownFileType = wrapper.framework; name = UIKit.framework; path = System/Library/Frameworks/UIKit.framework; sourceTree = SDKROOT; };
		8A78566917E5B13A001EAB1F /* Foundation.framework */ = {isa = PBXFileReference; lastKnownFileType = wrapper.framework; name = Foundation.framework; path = System/Library/Frameworks/Foundation.framework; sourceTree = SDKROOT; };
		8A78566B17E5B13A001EAB1F /* CoreGraphics.framework */ = {isa = PBXFileReference; lastKnownFileType = wrapper.framework; name = CoreGraphics.framework; path = System/Library/Frameworks/CoreGraphics.framework; sourceTree = SDKROOT; };
		8A78566D17E5B13A001EAB1F /* GLKit.framework */ = {isa = PBXFileReference; lastKnownFileType = wrapper.framework; name = GLKit.framework; path = System/Library/Frameworks/GLKit.framework; sourceTree = SDKROOT; };
		8A78566F17E5B13A001EAB1F /* OpenGLES.framework */ = {isa = PBXFileReference; lastKnownFileType = wrapper.framework; name = OpenGLES.framework; path = System/Library/Frameworks/OpenGLES.framework; sourceTree = SDKROOT; };
		8A78567317E5B13A001EAB1F /* practiceOfGLKView-Info.plist */ = {isa = PBXFileReference; lastKnownFileType = text.plist.xml; path = "practiceOfGLKView-Info.plist"; sourceTree = "<group>"; };
		8A78567517E5B13A001EAB1F /* en */ = {isa = PBXFileReference; lastKnownFileType = text.plist.strings; name = en; path = en.lproj/InfoPlist.strings; sourceTree = "<group>"; };
		8A78567717E5B13A001EAB1F /* main.m */ = {isa = PBXFileReference; lastKnownFileType = sourcecode.c.objc; path = main.m; sourceTree = "<group>"; };
		8A78567917E5B13A001EAB1F /* practiceOfGLKView-Prefix.pch */ = {isa = PBXFileReference; lastKnownFileType = sourcecode.c.h; path = "practiceOfGLKView-Prefix.pch"; sourceTree = "<group>"; };
		8A78567A17E5B13A001EAB1F /* AppDelegate.h */ = {isa = PBXFileReference; lastKnownFileType = sourcecode.c.h; path = AppDelegate.h; sourceTree = "<group>"; };
		8A78567B17E5B13A001EAB1F /* AppDelegate.mm */ = {isa = PBXFileReference; lastKnownFileType = sourcecode.cpp.objcpp; path = AppDelegate.mm; sourceTree = "<group>"; };
		8A78567D17E5B13A001EAB1F /* Default.png */ = {isa = PBXFileReference; lastKnownFileType = image.png; path = Default.png; sourceTree = "<group>"; };
		8A78567F17E5B13A001EAB1F /* Default@2x.png */ = {isa = PBXFileReference; lastKnownFileType = image.png; path = "Default@2x.png"; sourceTree = "<group>"; };
		8A78568117E5B13A001EAB1F /* Default-568h@2x.png */ = {isa = PBXFileReference; lastKnownFileType = image.png; path = "Default-568h@2x.png"; sourceTree = "<group>"; };
		8A78569217E5B35E001EAB1F /* ShaderBase.h */ = {isa = PBXFileReference; fileEncoding = 4; lastKnownFileType = sourcecode.c.h; path = ShaderBase.h; sourceTree = "<group>"; };
		8A78569317E5B35E001EAB1F /* ShaderBase.mm */ = {isa = PBXFileReference; fileEncoding = 4; lastKnownFileType = sourcecode.cpp.objcpp; path = ShaderBase.mm; sourceTree = "<group>"; };
		8A97E18B17E6C47700B5B4E8 /* TitleViewController.h */ = {isa = PBXFileReference; fileEncoding = 4; lastKnownFileType = sourcecode.c.h; path = TitleViewController.h; sourceTree = "<group>"; };
		8A97E18C17E6C47700B5B4E8 /* TitleViewController.mm */ = {isa = PBXFileReference; fileEncoding = 4; lastKnownFileType = sourcecode.cpp.objcpp; path = TitleViewController.mm; sourceTree = "<group>"; };
		8A97E18D17E6C47700B5B4E8 /* TitleViewController.xib */ = {isa = PBXFileReference; fileEncoding = 4; lastKnownFileType = file.xib; path = TitleViewController.xib; sourceTree = "<group>"; };
		8A97E1CB17E6E85300B5B4E8 /* VArrayBase.h */ = {isa = PBXFileReference; fileEncoding = 4; lastKnownFileType = sourcecode.c.h; path = VArrayBase.h; sourceTree = "<group>"; };
		8A97E1CC17E6E85300B5B4E8 /* VArrayBase.mm */ = {isa = PBXFileReference; fileEncoding = 4; lastKnownFileType = sourcecode.cpp.objcpp; path = VArrayBase.mm; sourceTree = "<group>"; };
		8AB6448117E8327600F32580 /* SimpleTriangleShader.h */ = {isa = PBXFileReference; fileEncoding = 4; lastKnownFileType = sourcecode.c.h; path = SimpleTriangleShader.h; sourceTree = "<group>"; };
		8AB6448217E8327600F32580 /* SimpleTriangleShader.mm */ = {isa = PBXFileReference; fileEncoding = 4; lastKnownFileType = sourcecode.cpp.objcpp; path = SimpleTriangleShader.mm; sourceTree = "<group>"; };
		8AB6448517E8364100F32580 /* SimpleTriangleBuffer.h */ = {isa = PBXFileReference; fileEncoding = 4; lastKnownFileType = sourcecode.c.h; path = SimpleTriangleBuffer.h; sourceTree = "<group>"; };
		8AB6448617E8364100F32580 /* SimpleTriangleBuffer.mm */ = {isa = PBXFileReference; fileEncoding = 4; lastKnownFileType = sourcecode.cpp.objcpp; path = SimpleTriangleBuffer.mm; sourceTree = "<group>"; };
		8AB6449017E8451F00F32580 /* SimpleTextureShader.h */ = {isa = PBXFileReference; fileEncoding = 4; lastKnownFileType = sourcecode.c.h; path = SimpleTextureShader.h; sourceTree = "<group>"; };
		8AB6449117E8451F00F32580 /* SimpleTextureShader.mm */ = {isa = PBXFileReference; fileEncoding = 4; lastKnownFileType = sourcecode.cpp.objcpp; path = SimpleTextureShader.mm; sourceTree = "<group>"; };
		8AB6449917E84CD500F32580 /* SimpleTextureVBuffer.h */ = {isa = PBXFileReference; fileEncoding = 4; lastKnownFileType = sourcecode.c.h; path = SimpleTextureVBuffer.h; sourceTree = "<group>"; };
		8AB6449A17E84CD500F32580 /* SimpleTextureVBuffer.mm */ = {isa = PBXFileReference; fileEncoding = 4; lastKnownFileType = sourcecode.cpp.objcpp; path = SimpleTextureVBuffer.mm; sourceTree = "<group>"; };
		8AB6449F17E8501700F32580 /* BG001.png */ = {isa = PBXFileReference; lastKnownFileType = image.png; name = BG001.png; path = resource/graphics/texture/BG001.png; sourceTree = SOURCE_ROOT; };
		8AC75BB017FECBDC00CE96DE /* SimpleFboShader.h */ = {isa = PBXFileReference; fileEncoding = 4; lastKnownFileType = sourcecode.c.h; path = SimpleFboShader.h; sourceTree = "<group>"; };
		8AC75BB117FECBDC00CE96DE /* SimpleFboShader.mm */ = {isa = PBXFileReference; fileEncoding = 4; lastKnownFileType = sourcecode.cpp.objcpp; path = SimpleFboShader.mm; sourceTree = "<group>"; };
		8AD3592917EAF59F00BE0B1F /* GameViewController.h */ = {isa = PBXFileReference; fileEncoding = 4; lastKnownFileType = sourcecode.c.h; path = GameViewController.h; sourceTree = "<group>"; };
		8AD3592A17EAF59F00BE0B1F /* GameViewController.mm */ = {isa = PBXFileReference; fileEncoding = 4; lastKnownFileType = sourcecode.cpp.objcpp; path = GameViewController.mm; sourceTree = "<group>"; };
		8AD3592B17EAF59F00BE0B1F /* GameViewController.xib */ = {isa = PBXFileReference; fileEncoding = 4; lastKnownFileType = file.xib; path = GameViewController.xib; sourceTree = "<group>"; };
		8AD3592E17EB054E00BE0B1F /* QuartzCore.framework */ = {isa = PBXFileReference; lastKnownFileType = wrapper.framework; name = QuartzCore.framework; path = System/Library/Frameworks/QuartzCore.framework; sourceTree = SDKROOT; };
/* End PBXFileReference section */

/* Begin PBXFrameworksBuildPhase section */
		8A78566117E5B13A001EAB1F /* Frameworks */ = {
			isa = PBXFrameworksBuildPhase;
			buildActionMask = 2147483647;
			files = (
				8AD3592F17EB054E00BE0B1F /* QuartzCore.framework in Frameworks */,
				8A78566817E5B13A001EAB1F /* UIKit.framework in Frameworks */,
				8A78566A17E5B13A001EAB1F /* Foundation.framework in Frameworks */,
				8A78566C17E5B13A001EAB1F /* CoreGraphics.framework in Frameworks */,
				8A78566E17E5B13A001EAB1F /* GLKit.framework in Frameworks */,
				8A78567017E5B13A001EAB1F /* OpenGLES.framework in Frameworks */,
			);
			runOnlyForDeploymentPostprocessing = 0;
		};
/* End PBXFrameworksBuildPhase section */

/* Begin PBXGroup section */
		8A38C3231802C43800DB435F /* src */ = {
			isa = PBXGroup;
			children = (
				8A38C3241802C43800DB435F /* shaders */,
			);
			name = src;
			path = resource/src;
			sourceTree = SOURCE_ROOT;
		};
		8A38C3241802C43800DB435F /* shaders */ = {
			isa = PBXGroup;
			children = (
				8A38C33D1802C97600DB435F /* Shader.fragsh */,
				8A38C33E1802C97600DB435F /* Shader.vertsh */,
				8A38C33F1802C97600DB435F /* ShaderSimpleFbo.vertsh */,
				8A38C3401802C97600DB435F /* ShaderSimpleTexture.fragsh */,
				8A38C3411802C97600DB435F /* ShaderSimpleTexture.vertsh */,
				8A38C3421802C97600DB435F /* ShaderSimpleTriangle.vertsh */,
			);
			path = shaders;
			sourceTree = "<group>";
		};
		8A78565B17E5B13A001EAB1F = {
			isa = PBXGroup;
			children = (
				8AD3592E17EB054E00BE0B1F /* QuartzCore.framework */,
				8A78567117E5B13A001EAB1F /* practiceOfGLKView */,
				8A78566617E5B13A001EAB1F /* Frameworks */,
				8A78566517E5B13A001EAB1F /* Products */,
			);
			sourceTree = "<group>";
		};
		8A78566517E5B13A001EAB1F /* Products */ = {
			isa = PBXGroup;
			children = (
				8A78566417E5B13A001EAB1F /* practiceOfGLKView.app */,
			);
			name = Products;
			sourceTree = "<group>";
		};
		8A78566617E5B13A001EAB1F /* Frameworks */ = {
			isa = PBXGroup;
			children = (
				8A78566717E5B13A001EAB1F /* UIKit.framework */,
				8A78566917E5B13A001EAB1F /* Foundation.framework */,
				8A78566B17E5B13A001EAB1F /* CoreGraphics.framework */,
				8A78566D17E5B13A001EAB1F /* GLKit.framework */,
				8A78566F17E5B13A001EAB1F /* OpenGLES.framework */,
			);
			name = Frameworks;
			sourceTree = "<group>";
		};
		8A78567117E5B13A001EAB1F /* practiceOfGLKView */ = {
			isa = PBXGroup;
			children = (
				8AD13D8217E6BDDA00FB0A46 /* shaderAndBuffer */,
				8AD13D8117E6BDBB00FB0A46 /* viewAndController */,
				8A78567A17E5B13A001EAB1F /* AppDelegate.h */,
				8A78567B17E5B13A001EAB1F /* AppDelegate.mm */,
				8AB6449C17E84F9B00F32580 /* resource */,
				8A78567217E5B13A001EAB1F /* Supporting Files */,
			);
			path = practiceOfGLKView;
			sourceTree = "<group>";
		};
		8A78567217E5B13A001EAB1F /* Supporting Files */ = {
			isa = PBXGroup;
			children = (
				8A78567317E5B13A001EAB1F /* practiceOfGLKView-Info.plist */,
				8A78567417E5B13A001EAB1F /* InfoPlist.strings */,
				8A78567717E5B13A001EAB1F /* main.m */,
				8A78567917E5B13A001EAB1F /* practiceOfGLKView-Prefix.pch */,
				8A78567D17E5B13A001EAB1F /* Default.png */,
				8A78567F17E5B13A001EAB1F /* Default@2x.png */,
				8A78568117E5B13A001EAB1F /* Default-568h@2x.png */,
			);
			name = "Supporting Files";
			sourceTree = "<group>";
		};
		8AB6448817E83B1400F32580 /* base */ = {
			isa = PBXGroup;
			children = (
				8A78569217E5B35E001EAB1F /* ShaderBase.h */,
				8A78569317E5B35E001EAB1F /* ShaderBase.mm */,
				8A97E1CB17E6E85300B5B4E8 /* VArrayBase.h */,
				8A97E1CC17E6E85300B5B4E8 /* VArrayBase.mm */,
				8A65F59817E9B3EE00A5AD35 /* TextureBase.h */,
				8A65F59917E9B3EE00A5AD35 /* TextureBase.mm */,
				8A7620CA180000D90074E85C /* FboBase.h */,
				8A7620CB180000D90074E85C /* FboBase.mm */,
			);
			name = base;
			sourceTree = "<group>";
		};
		8AB6448A17E83B7100F32580 /* testSimpleTriangle */ = {
			isa = PBXGroup;
			children = (
				8AB6448117E8327600F32580 /* SimpleTriangleShader.h */,
				8AB6448217E8327600F32580 /* SimpleTriangleShader.mm */,
				8AB6448517E8364100F32580 /* SimpleTriangleBuffer.h */,
				8AB6448617E8364100F32580 /* SimpleTriangleBuffer.mm */,
			);
			name = testSimpleTriangle;
			sourceTree = "<group>";
		};
		8AB6448F17E843E100F32580 /* testSimpleTexture */ = {
			isa = PBXGroup;
			children = (
				8AB6449017E8451F00F32580 /* SimpleTextureShader.h */,
				8AB6449117E8451F00F32580 /* SimpleTextureShader.mm */,
				8AB6449917E84CD500F32580 /* SimpleTextureVBuffer.h */,
				8AB6449A17E84CD500F32580 /* SimpleTextureVBuffer.mm */,
			);
			name = testSimpleTexture;
			sourceTree = "<group>";
		};
		8AB6449C17E84F9B00F32580 /* resource */ = {
			isa = PBXGroup;
			children = (
				8A38C3231802C43800DB435F /* src */,
				8AB6449D17E84FAE00F32580 /* graphics */,
			);
			name = resource;
			sourceTree = "<group>";
		};
		8AB6449D17E84FAE00F32580 /* graphics */ = {
			isa = PBXGroup;
			children = (
				8AB6449E17E84FB700F32580 /* textures */,
			);
			name = graphics;
			sourceTree = "<group>";
		};
		8AB6449E17E84FB700F32580 /* textures */ = {
			isa = PBXGroup;
			children = (
				8AB6449F17E8501700F32580 /* BG001.png */,
			);
			name = textures;
			sourceTree = "<group>";
		};
		8AC75BAC17FEC2BB00CE96DE /* fboRender */ = {
			isa = PBXGroup;
			children = (
				8AC75BB017FECBDC00CE96DE /* SimpleFboShader.h */,
				8AC75BB117FECBDC00CE96DE /* SimpleFboShader.mm */,
				8A16DD521803E0980056706B /* SimpleFboVBuffer.h */,
				8A16DD531803E0980056706B /* SimpleFboVBuffer.mm */,
			);
			name = fboRender;
			sourceTree = "<group>";
		};
		8AD13D8117E6BDBB00FB0A46 /* viewAndController */ = {
			isa = PBXGroup;
			children = (
				8A97E18B17E6C47700B5B4E8 /* TitleViewController.h */,
				8A97E18C17E6C47700B5B4E8 /* TitleViewController.mm */,
				8A97E18D17E6C47700B5B4E8 /* TitleViewController.xib */,
				8AD3592917EAF59F00BE0B1F /* GameViewController.h */,
				8AD3592A17EAF59F00BE0B1F /* GameViewController.mm */,
				8AD3592B17EAF59F00BE0B1F /* GameViewController.xib */,
			);
			name = viewAndController;
			sourceTree = "<group>";
		};
		8AD13D8217E6BDDA00FB0A46 /* shaderAndBuffer */ = {
			isa = PBXGroup;
			children = (
				8AC75BAC17FEC2BB00CE96DE /* fboRender */,
				8AB6448F17E843E100F32580 /* testSimpleTexture */,
				8AB6448A17E83B7100F32580 /* testSimpleTriangle */,
				8AB6448817E83B1400F32580 /* base */,
			);
			name = shaderAndBuffer;
			sourceTree = "<group>";
		};
/* End PBXGroup section */

/* Begin PBXNativeTarget section */
		8A78566317E5B13A001EAB1F /* practiceOfGLKView */ = {
			isa = PBXNativeTarget;
			buildConfigurationList = 8A78568F17E5B13A001EAB1F /* Build configuration list for PBXNativeTarget "practiceOfGLKView" */;
			buildPhases = (
				8A78566017E5B13A001EAB1F /* Sources */,
				8A78566117E5B13A001EAB1F /* Frameworks */,
				8A78566217E5B13A001EAB1F /* Resources */,
			);
			buildRules = (
			);
			dependencies = (
			);
			name = practiceOfGLKView;
			productName = practiceOfGLKView;
			productReference = 8A78566417E5B13A001EAB1F /* practiceOfGLKView.app */;
			productType = "com.apple.product-type.application";
		};
/* End PBXNativeTarget section */

/* Begin PBXProject section */
		8A78565C17E5B13A001EAB1F /* Project object */ = {
			isa = PBXProject;
			attributes = {
				LastUpgradeCheck = 0460;
				ORGANIZATIONNAME = nakano_michiharu;
			};
			buildConfigurationList = 8A78565F17E5B13A001EAB1F /* Build configuration list for PBXProject "practiceOfGLKView" */;
			compatibilityVersion = "Xcode 3.2";
			developmentRegion = English;
			hasScannedForEncodings = 0;
			knownRegions = (
				en,
			);
			mainGroup = 8A78565B17E5B13A001EAB1F;
			productRefGroup = 8A78566517E5B13A001EAB1F /* Products */;
			projectDirPath = "";
			projectRoot = "";
			targets = (
				8A78566317E5B13A001EAB1F /* practiceOfGLKView */,
			);
		};
/* End PBXProject section */

/* Begin PBXResourcesBuildPhase section */
		8A78566217E5B13A001EAB1F /* Resources */ = {
			isa = PBXResourcesBuildPhase;
			buildActionMask = 2147483647;
			files = (
				8A38C3491802CA3C00DB435F /* Shader.fragsh in Resources */,
				8A38C34A1802CA3C00DB435F /* Shader.vertsh in Resources */,
				8A38C34B1802CA3C00DB435F /* ShaderSimpleFbo.vertsh in Resources */,
				8A38C34C1802CA3C00DB435F /* ShaderSimpleTexture.fragsh in Resources */,
				8A38C34D1802CA3C00DB435F /* ShaderSimpleTexture.vertsh in Resources */,
				8A38C34E1802CA3C00DB435F /* ShaderSimpleTriangle.vertsh in Resources */,
				8A78567617E5B13A001EAB1F /* InfoPlist.strings in Resources */,
				8A78567E17E5B13A001EAB1F /* Default.png in Resources */,
				8A78568017E5B13A001EAB1F /* Default@2x.png in Resources */,
				8A78568217E5B13A001EAB1F /* Default-568h@2x.png in Resources */,
				8A97E18F17E6C47700B5B4E8 /* TitleViewController.xib in Resources */,
				8AB644A017E8501700F32580 /* BG001.png in Resources */,
				8AD3592D17EAF59F00BE0B1F /* GameViewController.xib in Resources */,
			);
			runOnlyForDeploymentPostprocessing = 0;
		};
/* End PBXResourcesBuildPhase section */

/* Begin PBXSourcesBuildPhase section */
		8A78566017E5B13A001EAB1F /* Sources */ = {
			isa = PBXSourcesBuildPhase;
			buildActionMask = 2147483647;
			files = (
				8A78567817E5B13A001EAB1F /* main.m in Sources */,
				8A78567C17E5B13A001EAB1F /* AppDelegate.mm in Sources */,
				8A78569417E5B35E001EAB1F /* ShaderBase.mm in Sources */,
				8A97E18E17E6C47700B5B4E8 /* TitleViewController.mm in Sources */,
				8A7620CC180000D90074E85C /* FboBase.mm in Sources */,
				8A97E1CD17E6E85300B5B4E8 /* VArrayBase.mm in Sources */,
				8AB6448317E8327600F32580 /* SimpleTriangleShader.mm in Sources */,
				8AB6448717E8364100F32580 /* SimpleTriangleBuffer.mm in Sources */,
				8AB6449217E8451F00F32580 /* SimpleTextureShader.mm in Sources */,
				8AB6449B17E84CD500F32580 /* SimpleTextureVBuffer.mm in Sources */,
				8A65F59A17E9B3EE00A5AD35 /* TextureBase.mm in Sources */,
				8AD3592C17EAF59F00BE0B1F /* GameViewController.mm in Sources */,
				8AC75BB217FECBDC00CE96DE /* SimpleFboShader.mm in Sources */,
				8A16DD541803E0990056706B /* SimpleFboVBuffer.mm in Sources */,
			);
			runOnlyForDeploymentPostprocessing = 0;
		};
/* End PBXSourcesBuildPhase section */

/* Begin PBXVariantGroup section */
		8A78567417E5B13A001EAB1F /* InfoPlist.strings */ = {
			isa = PBXVariantGroup;
			children = (
				8A78567517E5B13A001EAB1F /* en */,
			);
			name = InfoPlist.strings;
			sourceTree = "<group>";
		};
/* End PBXVariantGroup section */

/* Begin XCBuildConfiguration section */
		8A78568D17E5B13A001EAB1F /* Debug */ = {
			isa = XCBuildConfiguration;
			buildSettings = {
				ALWAYS_SEARCH_USER_PATHS = NO;
				CLANG_CXX_LANGUAGE_STANDARD = "gnu++0x";
				CLANG_CXX_LIBRARY = "libc++";
				CLANG_WARN_CONSTANT_CONVERSION = YES;
				CLANG_WARN_EMPTY_BODY = YES;
				CLANG_WARN_ENUM_CONVERSION = YES;
				CLANG_WARN_INT_CONVERSION = YES;
				CLANG_WARN__DUPLICATE_METHOD_MATCH = YES;
				"CODE_SIGN_IDENTITY[sdk=iphoneos*]" = "iPhone Developer";
				COPY_PHASE_STRIP = NO;
				GCC_C_LANGUAGE_STANDARD = gnu99;
				GCC_DYNAMIC_NO_PIC = NO;
				GCC_OPTIMIZATION_LEVEL = 0;
				GCC_PREPROCESSOR_DEFINITIONS = (
					"DEBUG=1",
					"$(inherited)",
				);
				GCC_SYMBOLS_PRIVATE_EXTERN = NO;
				GCC_WARN_ABOUT_RETURN_TYPE = YES;
				GCC_WARN_UNINITIALIZED_AUTOS = YES;
				GCC_WARN_UNUSED_VARIABLE = YES;
				IPHONEOS_DEPLOYMENT_TARGET = 6.1;
				ONLY_ACTIVE_ARCH = YES;
				SDKROOT = iphoneos;
			};
			name = Debug;
		};
		8A78568E17E5B13A001EAB1F /* Release */ = {
			isa = XCBuildConfiguration;
			buildSettings = {
				ALWAYS_SEARCH_USER_PATHS = NO;
				CLANG_CXX_LANGUAGE_STANDARD = "gnu++0x";
				CLANG_CXX_LIBRARY = "libc++";
				CLANG_WARN_CONSTANT_CONVERSION = YES;
				CLANG_WARN_EMPTY_BODY = YES;
				CLANG_WARN_ENUM_CONVERSION = YES;
				CLANG_WARN_INT_CONVERSION = YES;
				CLANG_WARN__DUPLICATE_METHOD_MATCH = YES;
				"CODE_SIGN_IDENTITY[sdk=iphoneos*]" = "iPhone Developer";
				COPY_PHASE_STRIP = YES;
				GCC_C_LANGUAGE_STANDARD = gnu99;
				GCC_WARN_ABOUT_RETURN_TYPE = YES;
				GCC_WARN_UNINITIALIZED_AUTOS = YES;
				GCC_WARN_UNUSED_VARIABLE = YES;
				IPHONEOS_DEPLOYMENT_TARGET = 6.1;
				OTHER_CFLAGS = "-DNS_BLOCK_ASSERTIONS=1";
				SDKROOT = iphoneos;
				VALIDATE_PRODUCT = YES;
			};
			name = Release;
		};
		8A78569017E5B13A001EAB1F /* Debug */ = {
			isa = XCBuildConfiguration;
			buildSettings = {
				GCC_PRECOMPILE_PREFIX_HEADER = YES;
				GCC_PREFIX_HEADER = "practiceOfGLKView/practiceOfGLKView-Prefix.pch";
				INFOPLIST_FILE = "practiceOfGLKView/practiceOfGLKView-Info.plist";
				IPHONEOS_DEPLOYMENT_TARGET = 5.0;
				PRODUCT_NAME = "$(TARGET_NAME)";
				WRAPPER_EXTENSION = app;
			};
			name = Debug;
		};
		8A78569117E5B13A001EAB1F /* Release */ = {
			isa = XCBuildConfiguration;
			buildSettings = {
				GCC_PRECOMPILE_PREFIX_HEADER = YES;
				GCC_PREFIX_HEADER = "practiceOfGLKView/practiceOfGLKView-Prefix.pch";
				INFOPLIST_FILE = "practiceOfGLKView/practiceOfGLKView-Info.plist";
				IPHONEOS_DEPLOYMENT_TARGET = 5.0;
				PRODUCT_NAME = "$(TARGET_NAME)";
				WRAPPER_EXTENSION = app;
			};
			name = Release;
		};
/* End XCBuildConfiguration section */

/* Begin XCConfigurationList section */
		8A78565F17E5B13A001EAB1F /* Build configuration list for PBXProject "practiceOfGLKView" */ = {
			isa = XCConfigurationList;
			buildConfigurations = (
				8A78568D17E5B13A001EAB1F /* Debug */,
				8A78568E17E5B13A001EAB1F /* Release */,
			);
			defaultConfigurationIsVisible = 0;
			defaultConfigurationName = Release;
		};
		8A78568F17E5B13A001EAB1F /* Build configuration list for PBXNativeTarget "practiceOfGLKView" */ = {
			isa = XCConfigurationList;
			buildConfigurations = (
				8A78569017E5B13A001EAB1F /* Debug */,
				8A78569117E5B13A001EAB1F /* Release */,
			);
			defaultConfigurationIsVisible = 0;
			defaultConfigurationName = Release;
		};
/* End XCConfigurationList section */
	};
	rootObject = 8A78565C17E5B13A001EAB1F /* Project object */;
}
