// !$*UTF8*$!
{
	archiveVersion = 1;
	classes = {
	};
	objectVersion = 46;
	objects = {

/* Begin PBXBuildFile section */
		8A65F59A17E9B3EE00A5AD35 /* TextureBase.m in Sources */ = {isa = PBXBuildFile; fileRef = 8A65F59917E9B3EE00A5AD35 /* TextureBase.m */; };
		8A78566817E5B13A001EAB1F /* UIKit.framework in Frameworks */ = {isa = PBXBuildFile; fileRef = 8A78566717E5B13A001EAB1F /* UIKit.framework */; };
		8A78566A17E5B13A001EAB1F /* Foundation.framework in Frameworks */ = {isa = PBXBuildFile; fileRef = 8A78566917E5B13A001EAB1F /* Foundation.framework */; };
		8A78566C17E5B13A001EAB1F /* CoreGraphics.framework in Frameworks */ = {isa = PBXBuildFile; fileRef = 8A78566B17E5B13A001EAB1F /* CoreGraphics.framework */; };
		8A78566E17E5B13A001EAB1F /* GLKit.framework in Frameworks */ = {isa = PBXBuildFile; fileRef = 8A78566D17E5B13A001EAB1F /* GLKit.framework */; };
		8A78567017E5B13A001EAB1F /* OpenGLES.framework in Frameworks */ = {isa = PBXBuildFile; fileRef = 8A78566F17E5B13A001EAB1F /* OpenGLES.framework */; };
		8A78567617E5B13A001EAB1F /* InfoPlist.strings in Resources */ = {isa = PBXBuildFile; fileRef = 8A78567417E5B13A001EAB1F /* InfoPlist.strings */; };
		8A78567817E5B13A001EAB1F /* main.m in Sources */ = {isa = PBXBuildFile; fileRef = 8A78567717E5B13A001EAB1F /* main.m */; };
		8A78567C17E5B13A001EAB1F /* AppDelegate.m in Sources */ = {isa = PBXBuildFile; fileRef = 8A78567B17E5B13A001EAB1F /* AppDelegate.m */; };
		8A78567E17E5B13A001EAB1F /* Default.png in Resources */ = {isa = PBXBuildFile; fileRef = 8A78567D17E5B13A001EAB1F /* Default.png */; };
		8A78568017E5B13A001EAB1F /* Default@2x.png in Resources */ = {isa = PBXBuildFile; fileRef = 8A78567F17E5B13A001EAB1F /* Default@2x.png */; };
		8A78568217E5B13A001EAB1F /* Default-568h@2x.png in Resources */ = {isa = PBXBuildFile; fileRef = 8A78568117E5B13A001EAB1F /* Default-568h@2x.png */; };
		8A78568417E5B13A001EAB1F /* Shader.fsh in Resources */ = {isa = PBXBuildFile; fileRef = 8A78568317E5B13A001EAB1F /* Shader.fsh */; };
		8A78568617E5B13A001EAB1F /* Shader.vsh in Resources */ = {isa = PBXBuildFile; fileRef = 8A78568517E5B13A001EAB1F /* Shader.vsh */; };
		8A78569417E5B35E001EAB1F /* ShaderBase.m in Sources */ = {isa = PBXBuildFile; fileRef = 8A78569317E5B35E001EAB1F /* ShaderBase.m */; };
		8A78569717E5C7C8001EAB1F /* TestShader.m in Sources */ = {isa = PBXBuildFile; fileRef = 8A78569617E5C7C8001EAB1F /* TestShader.m */; };
		8A97E18E17E6C47700B5B4E8 /* TitleViewController.m in Sources */ = {isa = PBXBuildFile; fileRef = 8A97E18C17E6C47700B5B4E8 /* TitleViewController.m */; };
		8A97E18F17E6C47700B5B4E8 /* TitleViewController.xib in Resources */ = {isa = PBXBuildFile; fileRef = 8A97E18D17E6C47700B5B4E8 /* TitleViewController.xib */; };
		8A97E1CD17E6E85300B5B4E8 /* VArrayBase.m in Sources */ = {isa = PBXBuildFile; fileRef = 8A97E1CC17E6E85300B5B4E8 /* VArrayBase.m */; };
		8AA9341C17E7018D00C3B34D /* TestVArray.m in Sources */ = {isa = PBXBuildFile; fileRef = 8AA9341B17E7018D00C3B34D /* TestVArray.m */; };
		8AB6448317E8327600F32580 /* SimpleTriangleShader.m in Sources */ = {isa = PBXBuildFile; fileRef = 8AB6448217E8327600F32580 /* SimpleTriangleShader.m */; };
		8AB6448417E8350E00F32580 /* ShaderSimpleTriangle.vsh in Resources */ = {isa = PBXBuildFile; fileRef = 8AB6447F17E831D700F32580 /* ShaderSimpleTriangle.vsh */; };
		8AB6448717E8364100F32580 /* SimpleTriangleBuffer.m in Sources */ = {isa = PBXBuildFile; fileRef = 8AB6448617E8364100F32580 /* SimpleTriangleBuffer.m */; };
		8AB6449217E8451F00F32580 /* SimpleTexture.m in Sources */ = {isa = PBXBuildFile; fileRef = 8AB6449117E8451F00F32580 /* SimpleTexture.m */; };
		8AB6449717E84A8500F32580 /* ShaderSimpleTexture.fsh in Resources */ = {isa = PBXBuildFile; fileRef = 8AB6449317E84A6100F32580 /* ShaderSimpleTexture.fsh */; };
		8AB6449817E84A8500F32580 /* ShaderSimpleTexture.vsh in Resources */ = {isa = PBXBuildFile; fileRef = 8AB6449417E84A6100F32580 /* ShaderSimpleTexture.vsh */; };
		8AB6449B17E84CD500F32580 /* SimpleTextureBuffer.m in Sources */ = {isa = PBXBuildFile; fileRef = 8AB6449A17E84CD500F32580 /* SimpleTextureBuffer.m */; };
		8AB644A017E8501700F32580 /* BG001.png in Resources */ = {isa = PBXBuildFile; fileRef = 8AB6449F17E8501700F32580 /* BG001.png */; };
		8AD3592C17EAF59F00BE0B1F /* GameViewController2.m in Sources */ = {isa = PBXBuildFile; fileRef = 8AD3592A17EAF59F00BE0B1F /* GameViewController2.m */; };
		8AD3592D17EAF59F00BE0B1F /* GameViewController2.xib in Resources */ = {isa = PBXBuildFile; fileRef = 8AD3592B17EAF59F00BE0B1F /* GameViewController2.xib */; };
		8AD3592F17EB054E00BE0B1F /* QuartzCore.framework in Frameworks */ = {isa = PBXBuildFile; fileRef = 8AD3592E17EB054E00BE0B1F /* QuartzCore.framework */; };
/* End PBXBuildFile section */

/* Begin PBXFileReference section */
		8A65F59817E9B3EE00A5AD35 /* TextureBase.h */ = {isa = PBXFileReference; fileEncoding = 4; lastKnownFileType = sourcecode.c.h; path = TextureBase.h; sourceTree = "<group>"; };
		8A65F59917E9B3EE00A5AD35 /* TextureBase.m */ = {isa = PBXFileReference; fileEncoding = 4; lastKnownFileType = sourcecode.c.objc; path = TextureBase.m; sourceTree = "<group>"; };
		8A78566417E5B13A001EAB1F /* practiceOfGLKView.app */ = {isa = PBXFileReference; explicitFileType = wrapper.application; includeInIndex = 0; path = practiceOfGLKView.app; sourceTree = BUILT_PRODUCTS_DIR; };
		8A78566717E5B13A001EAB1F /* UIKit.framework */ = {isa = PBXFileReference; lastKnownFileType = wrapper.framework; name = UIKit.framework; path = System/Library/Frameworks/UIKit.framework; sourceTree = SDKROOT; };
		8A78566917E5B13A001EAB1F /* Foundation.framework */ = {isa = PBXFileReference; lastKnownFileType = wrapper.framework; name = Foundation.framework; path = System/Library/Frameworks/Foundation.framework; sourceTree = SDKROOT; };
		8A78566B17E5B13A001EAB1F /* CoreGraphics.framework */ = {isa = PBXFileReference; lastKnownFileType = wrapper.framework; name = CoreGraphics.framework; path = System/Library/Frameworks/CoreGraphics.framework; sourceTree = SDKROOT; };
		8A78566D17E5B13A001EAB1F /* GLKit.framework */ = {isa = PBXFileReference; lastKnownFileType = wrapper.framework; name = GLKit.framework; path = System/Library/Frameworks/GLKit.framework; sourceTree = SDKROOT; };
		8A78566F17E5B13A001EAB1F /* OpenGLES.framework */ = {isa = PBXFileReference; lastKnownFileType = wrapper.framework; name = OpenGLES.framework; path = System/Library/Frameworks/OpenGLES.framework; sourceTree = SDKROOT; };
		8A78567317E5B13A001EAB1F /* practiceOfGLKView-Info.plist */ = {isa = PBXFileReference; lastKnownFileType = text.plist.xml; path = "practiceOfGLKView-Info.plist"; sourceTree = "<group>"; };
		8A78567517E5B13A001EAB1F /* en */ = {isa = PBXFileReference; lastKnownFileType = text.plist.strings; name = en; path = en.lproj/InfoPlist.strings; sourceTree = "<group>"; };
		8A78567717E5B13A001EAB1F /* main.m */ = {isa = PBXFileReference; lastKnownFileType = sourcecode.c.objc; path = main.m; sourceTree = "<group>"; };
		8A78567917E5B13A001EAB1F /* practiceOfGLKView-Prefix.pch */ = {isa = PBXFileReference; lastKnownFileType = sourcecode.c.h; path = "practiceOfGLKView-Prefix.pch"; sourceTree = "<group>"; };
		8A78567A17E5B13A001EAB1F /* AppDelegate.h */ = {isa = PBXFileReference; lastKnownFileType = sourcecode.c.h; path = AppDelegate.h; sourceTree = "<group>"; };
		8A78567B17E5B13A001EAB1F /* AppDelegate.m */ = {isa = PBXFileReference; lastKnownFileType = sourcecode.c.objc; path = AppDelegate.m; sourceTree = "<group>"; };
		8A78567D17E5B13A001EAB1F /* Default.png */ = {isa = PBXFileReference; lastKnownFileType = image.png; path = Default.png; sourceTree = "<group>"; };
		8A78567F17E5B13A001EAB1F /* Default@2x.png */ = {isa = PBXFileReference; lastKnownFileType = image.png; path = "Default@2x.png"; sourceTree = "<group>"; };
		8A78568117E5B13A001EAB1F /* Default-568h@2x.png */ = {isa = PBXFileReference; lastKnownFileType = image.png; path = "Default-568h@2x.png"; sourceTree = "<group>"; };
		8A78568317E5B13A001EAB1F /* Shader.fsh */ = {isa = PBXFileReference; lastKnownFileType = sourcecode.glsl; name = Shader.fsh; path = Shaders/Shader.fsh; sourceTree = "<group>"; };
		8A78568517E5B13A001EAB1F /* Shader.vsh */ = {isa = PBXFileReference; lastKnownFileType = sourcecode.glsl; name = Shader.vsh; path = Shaders/Shader.vsh; sourceTree = "<group>"; };
		8A78569217E5B35E001EAB1F /* ShaderBase.h */ = {isa = PBXFileReference; fileEncoding = 4; lastKnownFileType = sourcecode.c.h; path = ShaderBase.h; sourceTree = "<group>"; };
		8A78569317E5B35E001EAB1F /* ShaderBase.m */ = {isa = PBXFileReference; fileEncoding = 4; lastKnownFileType = sourcecode.c.objc; path = ShaderBase.m; sourceTree = "<group>"; };
		8A78569517E5C7C8001EAB1F /* TestShader.h */ = {isa = PBXFileReference; fileEncoding = 4; lastKnownFileType = sourcecode.c.h; path = TestShader.h; sourceTree = "<group>"; };
		8A78569617E5C7C8001EAB1F /* TestShader.m */ = {isa = PBXFileReference; fileEncoding = 4; lastKnownFileType = sourcecode.c.objc; path = TestShader.m; sourceTree = "<group>"; };
		8A97E18B17E6C47700B5B4E8 /* TitleViewController.h */ = {isa = PBXFileReference; fileEncoding = 4; lastKnownFileType = sourcecode.c.h; path = TitleViewController.h; sourceTree = "<group>"; };
		8A97E18C17E6C47700B5B4E8 /* TitleViewController.m */ = {isa = PBXFileReference; fileEncoding = 4; lastKnownFileType = sourcecode.c.objc; path = TitleViewController.m; sourceTree = "<group>"; };
		8A97E18D17E6C47700B5B4E8 /* TitleViewController.xib */ = {isa = PBXFileReference; fileEncoding = 4; lastKnownFileType = file.xib; path = TitleViewController.xib; sourceTree = "<group>"; };
		8A97E1CB17E6E85300B5B4E8 /* VArrayBase.h */ = {isa = PBXFileReference; fileEncoding = 4; lastKnownFileType = sourcecode.c.h; path = VArrayBase.h; sourceTree = "<group>"; };
		8A97E1CC17E6E85300B5B4E8 /* VArrayBase.m */ = {isa = PBXFileReference; fileEncoding = 4; lastKnownFileType = sourcecode.c.objc; path = VArrayBase.m; sourceTree = "<group>"; };
		8AA9341A17E7018D00C3B34D /* TestVArray.h */ = {isa = PBXFileReference; fileEncoding = 4; lastKnownFileType = sourcecode.c.h; path = TestVArray.h; sourceTree = "<group>"; };
		8AA9341B17E7018D00C3B34D /* TestVArray.m */ = {isa = PBXFileReference; fileEncoding = 4; lastKnownFileType = sourcecode.c.objc; path = TestVArray.m; sourceTree = "<group>"; };
		8AB6447F17E831D700F32580 /* ShaderSimpleTriangle.vsh */ = {isa = PBXFileReference; fileEncoding = 4; lastKnownFileType = sourcecode.glsl; name = ShaderSimpleTriangle.vsh; path = Shaders/ShaderSimpleTriangle.vsh; sourceTree = "<group>"; };
		8AB6448117E8327600F32580 /* SimpleTriangleShader.h */ = {isa = PBXFileReference; fileEncoding = 4; lastKnownFileType = sourcecode.c.h; path = SimpleTriangleShader.h; sourceTree = "<group>"; };
		8AB6448217E8327600F32580 /* SimpleTriangleShader.m */ = {isa = PBXFileReference; fileEncoding = 4; lastKnownFileType = sourcecode.c.objc; path = SimpleTriangleShader.m; sourceTree = "<group>"; };
		8AB6448517E8364100F32580 /* SimpleTriangleBuffer.h */ = {isa = PBXFileReference; fileEncoding = 4; lastKnownFileType = sourcecode.c.h; path = SimpleTriangleBuffer.h; sourceTree = "<group>"; };
		8AB6448617E8364100F32580 /* SimpleTriangleBuffer.m */ = {isa = PBXFileReference; fileEncoding = 4; lastKnownFileType = sourcecode.c.objc; path = SimpleTriangleBuffer.m; sourceTree = "<group>"; };
		8AB6449017E8451F00F32580 /* SimpleTextureShader.h */ = {isa = PBXFileReference; fileEncoding = 4; lastKnownFileType = sourcecode.c.h; path = SimpleTextureShader.h; sourceTree = "<group>"; };
		8AB6449117E8451F00F32580 /* SimpleTexture.m */ = {isa = PBXFileReference; fileEncoding = 4; lastKnownFileType = sourcecode.c.objc; path = SimpleTexture.m; sourceTree = "<group>"; };
		8AB6449317E84A6100F32580 /* ShaderSimpleTexture.fsh */ = {isa = PBXFileReference; fileEncoding = 4; lastKnownFileType = sourcecode.glsl; name = ShaderSimpleTexture.fsh; path = Shaders/ShaderSimpleTexture.fsh; sourceTree = "<group>"; };
		8AB6449417E84A6100F32580 /* ShaderSimpleTexture.vsh */ = {isa = PBXFileReference; fileEncoding = 4; lastKnownFileType = sourcecode.glsl; name = ShaderSimpleTexture.vsh; path = Shaders/ShaderSimpleTexture.vsh; sourceTree = "<group>"; };
		8AB6449917E84CD500F32580 /* SimpleTextureBuffer.h */ = {isa = PBXFileReference; fileEncoding = 4; lastKnownFileType = sourcecode.c.h; path = SimpleTextureBuffer.h; sourceTree = "<group>"; };
		8AB6449A17E84CD500F32580 /* SimpleTextureBuffer.m */ = {isa = PBXFileReference; fileEncoding = 4; lastKnownFileType = sourcecode.c.objc; path = SimpleTextureBuffer.m; sourceTree = "<group>"; };
		8AB6449F17E8501700F32580 /* BG001.png */ = {isa = PBXFileReference; lastKnownFileType = image.png; name = BG001.png; path = resource/graphics/texture/BG001.png; sourceTree = SOURCE_ROOT; };
		8AD3592917EAF59F00BE0B1F /* GameViewController2.h */ = {isa = PBXFileReference; fileEncoding = 4; lastKnownFileType = sourcecode.c.h; path = GameViewController2.h; sourceTree = "<group>"; };
		8AD3592A17EAF59F00BE0B1F /* GameViewController2.m */ = {isa = PBXFileReference; fileEncoding = 4; lastKnownFileType = sourcecode.c.objc; path = GameViewController2.m; sourceTree = "<group>"; };
		8AD3592B17EAF59F00BE0B1F /* GameViewController2.xib */ = {isa = PBXFileReference; fileEncoding = 4; lastKnownFileType = file.xib; path = GameViewController2.xib; sourceTree = "<group>"; };
		8AD3592E17EB054E00BE0B1F /* QuartzCore.framework */ = {isa = PBXFileReference; lastKnownFileType = wrapper.framework; name = QuartzCore.framework; path = System/Library/Frameworks/QuartzCore.framework; sourceTree = SDKROOT; };
/* End PBXFileReference section */

/* Begin PBXFrameworksBuildPhase section */
		8A78566117E5B13A001EAB1F /* Frameworks */ = {
			isa = PBXFrameworksBuildPhase;
			buildActionMask = 2147483647;
			files = (
				8AD3592F17EB054E00BE0B1F /* QuartzCore.framework in Frameworks */,
				8A78566817E5B13A001EAB1F /* UIKit.framework in Frameworks */,
				8A78566A17E5B13A001EAB1F /* Foundation.framework in Frameworks */,
				8A78566C17E5B13A001EAB1F /* CoreGraphics.framework in Frameworks */,
				8A78566E17E5B13A001EAB1F /* GLKit.framework in Frameworks */,
				8A78567017E5B13A001EAB1F /* OpenGLES.framework in Frameworks */,
			);
			runOnlyForDeploymentPostprocessing = 0;
		};
/* End PBXFrameworksBuildPhase section */

/* Begin PBXGroup section */
		8A78565B17E5B13A001EAB1F = {
			isa = PBXGroup;
			children = (
				8AD3592E17EB054E00BE0B1F /* QuartzCore.framework */,
				8A78567117E5B13A001EAB1F /* practiceOfGLKView */,
				8A78566617E5B13A001EAB1F /* Frameworks */,
				8A78566517E5B13A001EAB1F /* Products */,
			);
			sourceTree = "<group>";
		};
		8A78566517E5B13A001EAB1F /* Products */ = {
			isa = PBXGroup;
			children = (
				8A78566417E5B13A001EAB1F /* practiceOfGLKView.app */,
			);
			name = Products;
			sourceTree = "<group>";
		};
		8A78566617E5B13A001EAB1F /* Frameworks */ = {
			isa = PBXGroup;
			children = (
				8A78566717E5B13A001EAB1F /* UIKit.framework */,
				8A78566917E5B13A001EAB1F /* Foundation.framework */,
				8A78566B17E5B13A001EAB1F /* CoreGraphics.framework */,
				8A78566D17E5B13A001EAB1F /* GLKit.framework */,
				8A78566F17E5B13A001EAB1F /* OpenGLES.framework */,
			);
			name = Frameworks;
			sourceTree = "<group>";
		};
		8A78567117E5B13A001EAB1F /* practiceOfGLKView */ = {
			isa = PBXGroup;
			children = (
				8AD13D8217E6BDDA00FB0A46 /* shaderAndBuffer */,
				8AD13D8117E6BDBB00FB0A46 /* viewAndController */,
				8A78567A17E5B13A001EAB1F /* AppDelegate.h */,
				8A78567B17E5B13A001EAB1F /* AppDelegate.m */,
				8AB6449C17E84F9B00F32580 /* resource */,
				8A78567217E5B13A001EAB1F /* Supporting Files */,
			);
			path = practiceOfGLKView;
			sourceTree = "<group>";
		};
		8A78567217E5B13A001EAB1F /* Supporting Files */ = {
			isa = PBXGroup;
			children = (
				8A78567317E5B13A001EAB1F /* practiceOfGLKView-Info.plist */,
				8A78567417E5B13A001EAB1F /* InfoPlist.strings */,
				8A78567717E5B13A001EAB1F /* main.m */,
				8A78567917E5B13A001EAB1F /* practiceOfGLKView-Prefix.pch */,
				8A78567D17E5B13A001EAB1F /* Default.png */,
				8A78567F17E5B13A001EAB1F /* Default@2x.png */,
				8A78568117E5B13A001EAB1F /* Default-568h@2x.png */,
			);
			name = "Supporting Files";
			sourceTree = "<group>";
		};
		8AB6448817E83B1400F32580 /* base */ = {
			isa = PBXGroup;
			children = (
				8A78569217E5B35E001EAB1F /* ShaderBase.h */,
				8A78569317E5B35E001EAB1F /* ShaderBase.m */,
				8A97E1CB17E6E85300B5B4E8 /* VArrayBase.h */,
				8A97E1CC17E6E85300B5B4E8 /* VArrayBase.m */,
			);
			name = base;
			sourceTree = "<group>";
		};
		8AB6448917E83B3600F32580 /* testUseMyClass */ = {
			isa = PBXGroup;
			children = (
				8A78569517E5C7C8001EAB1F /* TestShader.h */,
				8A78569617E5C7C8001EAB1F /* TestShader.m */,
				8AA9341A17E7018D00C3B34D /* TestVArray.h */,
				8AA9341B17E7018D00C3B34D /* TestVArray.m */,
			);
			name = testUseMyClass;
			sourceTree = "<group>";
		};
		8AB6448A17E83B7100F32580 /* testSimpleTriangle */ = {
			isa = PBXGroup;
			children = (
				8AB6448117E8327600F32580 /* SimpleTriangleShader.h */,
				8AB6448217E8327600F32580 /* SimpleTriangleShader.m */,
				8AB6448517E8364100F32580 /* SimpleTriangleBuffer.h */,
				8AB6448617E8364100F32580 /* SimpleTriangleBuffer.m */,
				8AB6447F17E831D700F32580 /* ShaderSimpleTriangle.vsh */,
			);
			name = testSimpleTriangle;
			sourceTree = "<group>";
		};
		8AB6448F17E843E100F32580 /* testSimpleTexture */ = {
			isa = PBXGroup;
			children = (
				8AB6449317E84A6100F32580 /* ShaderSimpleTexture.fsh */,
				8AB6449417E84A6100F32580 /* ShaderSimpleTexture.vsh */,
				8AB6449017E8451F00F32580 /* SimpleTextureShader.h */,
				8AB6449117E8451F00F32580 /* SimpleTexture.m */,
				8AB6449917E84CD500F32580 /* SimpleTextureBuffer.h */,
				8AB6449A17E84CD500F32580 /* SimpleTextureBuffer.m */,
			);
			name = testSimpleTexture;
			sourceTree = "<group>";
		};
		8AB6449C17E84F9B00F32580 /* resource */ = {
			isa = PBXGroup;
			children = (
				8AB6449D17E84FAE00F32580 /* graphics */,
			);
			name = resource;
			sourceTree = "<group>";
		};
		8AB6449D17E84FAE00F32580 /* graphics */ = {
			isa = PBXGroup;
			children = (
				8AB6449E17E84FB700F32580 /* textures */,
			);
			name = graphics;
			sourceTree = "<group>";
		};
		8AB6449E17E84FB700F32580 /* textures */ = {
			isa = PBXGroup;
			children = (
				8AB6449F17E8501700F32580 /* BG001.png */,
			);
			name = textures;
			sourceTree = "<group>";
		};
		8AD13D8117E6BDBB00FB0A46 /* viewAndController */ = {
			isa = PBXGroup;
			children = (
				8A97E18B17E6C47700B5B4E8 /* TitleViewController.h */,
				8A97E18C17E6C47700B5B4E8 /* TitleViewController.m */,
				8A97E18D17E6C47700B5B4E8 /* TitleViewController.xib */,
				8AD3592917EAF59F00BE0B1F /* GameViewController2.h */,
				8AD3592A17EAF59F00BE0B1F /* GameViewController2.m */,
				8AD3592B17EAF59F00BE0B1F /* GameViewController2.xib */,
			);
			name = viewAndController;
			sourceTree = "<group>";
		};
		8AD13D8217E6BDDA00FB0A46 /* shaderAndBuffer */ = {
			isa = PBXGroup;
			children = (
				8AB6448F17E843E100F32580 /* testSimpleTexture */,
				8AB6448A17E83B7100F32580 /* testSimpleTriangle */,
				8AB6448917E83B3600F32580 /* testUseMyClass */,
				8AB6448817E83B1400F32580 /* base */,
				8A78568317E5B13A001EAB1F /* Shader.fsh */,
				8A78568517E5B13A001EAB1F /* Shader.vsh */,
				8A65F59817E9B3EE00A5AD35 /* TextureBase.h */,
				8A65F59917E9B3EE00A5AD35 /* TextureBase.m */,
			);
			name = shaderAndBuffer;
			sourceTree = "<group>";
		};
/* End PBXGroup section */

/* Begin PBXNativeTarget section */
		8A78566317E5B13A001EAB1F /* practiceOfGLKView */ = {
			isa = PBXNativeTarget;
			buildConfigurationList = 8A78568F17E5B13A001EAB1F /* Build configuration list for PBXNativeTarget "practiceOfGLKView" */;
			buildPhases = (
				8A78566017E5B13A001EAB1F /* Sources */,
				8A78566117E5B13A001EAB1F /* Frameworks */,
				8A78566217E5B13A001EAB1F /* Resources */,
			);
			buildRules = (
			);
			dependencies = (
			);
			name = practiceOfGLKView;
			productName = practiceOfGLKView;
			productReference = 8A78566417E5B13A001EAB1F /* practiceOfGLKView.app */;
			productType = "com.apple.product-type.application";
		};
/* End PBXNativeTarget section */

/* Begin PBXProject section */
		8A78565C17E5B13A001EAB1F /* Project object */ = {
			isa = PBXProject;
			attributes = {
				LastUpgradeCheck = 0460;
				ORGANIZATIONNAME = nakano_michiharu;
			};
			buildConfigurationList = 8A78565F17E5B13A001EAB1F /* Build configuration list for PBXProject "practiceOfGLKView" */;
			compatibilityVersion = "Xcode 3.2";
			developmentRegion = English;
			hasScannedForEncodings = 0;
			knownRegions = (
				en,
			);
			mainGroup = 8A78565B17E5B13A001EAB1F;
			productRefGroup = 8A78566517E5B13A001EAB1F /* Products */;
			projectDirPath = "";
			projectRoot = "";
			targets = (
				8A78566317E5B13A001EAB1F /* practiceOfGLKView */,
			);
		};
/* End PBXProject section */

/* Begin PBXResourcesBuildPhase section */
		8A78566217E5B13A001EAB1F /* Resources */ = {
			isa = PBXResourcesBuildPhase;
			buildActionMask = 2147483647;
			files = (
				8AB6449717E84A8500F32580 /* ShaderSimpleTexture.fsh in Resources */,
				8AB6449817E84A8500F32580 /* ShaderSimpleTexture.vsh in Resources */,
				8AB6448417E8350E00F32580 /* ShaderSimpleTriangle.vsh in Resources */,
				8A78567617E5B13A001EAB1F /* InfoPlist.strings in Resources */,
				8A78567E17E5B13A001EAB1F /* Default.png in Resources */,
				8A78568017E5B13A001EAB1F /* Default@2x.png in Resources */,
				8A78568217E5B13A001EAB1F /* Default-568h@2x.png in Resources */,
				8A78568417E5B13A001EAB1F /* Shader.fsh in Resources */,
				8A78568617E5B13A001EAB1F /* Shader.vsh in Resources */,
				8A97E18F17E6C47700B5B4E8 /* TitleViewController.xib in Resources */,
				8AB644A017E8501700F32580 /* BG001.png in Resources */,
				8AD3592D17EAF59F00BE0B1F /* GameViewController2.xib in Resources */,
			);
			runOnlyForDeploymentPostprocessing = 0;
		};
/* End PBXResourcesBuildPhase section */

/* Begin PBXSourcesBuildPhase section */
		8A78566017E5B13A001EAB1F /* Sources */ = {
			isa = PBXSourcesBuildPhase;
			buildActionMask = 2147483647;
			files = (
				8A78567817E5B13A001EAB1F /* main.m in Sources */,
				8A78567C17E5B13A001EAB1F /* AppDelegate.m in Sources */,
				8A78569417E5B35E001EAB1F /* ShaderBase.m in Sources */,
				8A78569717E5C7C8001EAB1F /* TestShader.m in Sources */,
				8A97E18E17E6C47700B5B4E8 /* TitleViewController.m in Sources */,
				8A97E1CD17E6E85300B5B4E8 /* VArrayBase.m in Sources */,
				8AA9341C17E7018D00C3B34D /* TestVArray.m in Sources */,
				8AB6448317E8327600F32580 /* SimpleTriangleShader.m in Sources */,
				8AB6448717E8364100F32580 /* SimpleTriangleBuffer.m in Sources */,
				8AB6449217E8451F00F32580 /* SimpleTexture.m in Sources */,
				8AB6449B17E84CD500F32580 /* SimpleTextureBuffer.m in Sources */,
				8A65F59A17E9B3EE00A5AD35 /* TextureBase.m in Sources */,
				8AD3592C17EAF59F00BE0B1F /* GameViewController2.m in Sources */,
			);
			runOnlyForDeploymentPostprocessing = 0;
		};
/* End PBXSourcesBuildPhase section */

/* Begin PBXVariantGroup section */
		8A78567417E5B13A001EAB1F /* InfoPlist.strings */ = {
			isa = PBXVariantGroup;
			children = (
				8A78567517E5B13A001EAB1F /* en */,
			);
			name = InfoPlist.strings;
			sourceTree = "<group>";
		};
/* End PBXVariantGroup section */

/* Begin XCBuildConfiguration section */
		8A78568D17E5B13A001EAB1F /* Debug */ = {
			isa = XCBuildConfiguration;
			buildSettings = {
				ALWAYS_SEARCH_USER_PATHS = NO;
				CLANG_CXX_LANGUAGE_STANDARD = "gnu++0x";
				CLANG_CXX_LIBRARY = "libc++";
				CLANG_WARN_CONSTANT_CONVERSION = YES;
				CLANG_WARN_EMPTY_BODY = YES;
				CLANG_WARN_ENUM_CONVERSION = YES;
				CLANG_WARN_INT_CONVERSION = YES;
				CLANG_WARN__DUPLICATE_METHOD_MATCH = YES;
				"CODE_SIGN_IDENTITY[sdk=iphoneos*]" = "iPhone Developer";
				COPY_PHASE_STRIP = NO;
				GCC_C_LANGUAGE_STANDARD = gnu99;
				GCC_DYNAMIC_NO_PIC = NO;
				GCC_OPTIMIZATION_LEVEL = 0;
				GCC_PREPROCESSOR_DEFINITIONS = (
					"DEBUG=1",
					"$(inherited)",
				);
				GCC_SYMBOLS_PRIVATE_EXTERN = NO;
				GCC_WARN_ABOUT_RETURN_TYPE = YES;
				GCC_WARN_UNINITIALIZED_AUTOS = YES;
				GCC_WARN_UNUSED_VARIABLE = YES;
				IPHONEOS_DEPLOYMENT_TARGET = 6.1;
				ONLY_ACTIVE_ARCH = YES;
				SDKROOT = iphoneos;
			};
			name = Debug;
		};
		8A78568E17E5B13A001EAB1F /* Release */ = {
			isa = XCBuildConfiguration;
			buildSettings = {
				ALWAYS_SEARCH_USER_PATHS = NO;
				CLANG_CXX_LANGUAGE_STANDARD = "gnu++0x";
				CLANG_CXX_LIBRARY = "libc++";
				CLANG_WARN_CONSTANT_CONVERSION = YES;
				CLANG_WARN_EMPTY_BODY = YES;
				CLANG_WARN_ENUM_CONVERSION = YES;
				CLANG_WARN_INT_CONVERSION = YES;
				CLANG_WARN__DUPLICATE_METHOD_MATCH = YES;
				"CODE_SIGN_IDENTITY[sdk=iphoneos*]" = "iPhone Developer";
				COPY_PHASE_STRIP = YES;
				GCC_C_LANGUAGE_STANDARD = gnu99;
				GCC_WARN_ABOUT_RETURN_TYPE = YES;
				GCC_WARN_UNINITIALIZED_AUTOS = YES;
				GCC_WARN_UNUSED_VARIABLE = YES;
				IPHONEOS_DEPLOYMENT_TARGET = 6.1;
				OTHER_CFLAGS = "-DNS_BLOCK_ASSERTIONS=1";
				SDKROOT = iphoneos;
				VALIDATE_PRODUCT = YES;
			};
			name = Release;
		};
		8A78569017E5B13A001EAB1F /* Debug */ = {
			isa = XCBuildConfiguration;
			buildSettings = {
				GCC_PRECOMPILE_PREFIX_HEADER = YES;
				GCC_PREFIX_HEADER = "practiceOfGLKView/practiceOfGLKView-Prefix.pch";
				INFOPLIST_FILE = "practiceOfGLKView/practiceOfGLKView-Info.plist";
				IPHONEOS_DEPLOYMENT_TARGET = 5.0;
				PRODUCT_NAME = "$(TARGET_NAME)";
				WRAPPER_EXTENSION = app;
			};
			name = Debug;
		};
		8A78569117E5B13A001EAB1F /* Release */ = {
			isa = XCBuildConfiguration;
			buildSettings = {
				GCC_PRECOMPILE_PREFIX_HEADER = YES;
				GCC_PREFIX_HEADER = "practiceOfGLKView/practiceOfGLKView-Prefix.pch";
				INFOPLIST_FILE = "practiceOfGLKView/practiceOfGLKView-Info.plist";
				IPHONEOS_DEPLOYMENT_TARGET = 5.0;
				PRODUCT_NAME = "$(TARGET_NAME)";
				WRAPPER_EXTENSION = app;
			};
			name = Release;
		};
/* End XCBuildConfiguration section */

/* Begin XCConfigurationList section */
		8A78565F17E5B13A001EAB1F /* Build configuration list for PBXProject "practiceOfGLKView" */ = {
			isa = XCConfigurationList;
			buildConfigurations = (
				8A78568D17E5B13A001EAB1F /* Debug */,
				8A78568E17E5B13A001EAB1F /* Release */,
			);
			defaultConfigurationIsVisible = 0;
			defaultConfigurationName = Release;
		};
		8A78568F17E5B13A001EAB1F /* Build configuration list for PBXNativeTarget "practiceOfGLKView" */ = {
			isa = XCConfigurationList;
			buildConfigurations = (
				8A78569017E5B13A001EAB1F /* Debug */,
				8A78569117E5B13A001EAB1F /* Release */,
			);
			defaultConfigurationIsVisible = 0;
			defaultConfigurationName = Release;
		};
/* End XCConfigurationList section */
	};
	rootObject = 8A78565C17E5B13A001EAB1F /* Project object */;
}
