// !$*UTF8*$!
{
	archiveVersion = 1;
	classes = {
	};
	objectVersion = 46;
	objects = {

/* Begin PBXBuildFile section */
		8A001D9B18050B230058A0AB /* BG002.png in Resources */ = {isa = PBXBuildFile; fileRef = 8A001D9A18050B230058A0AB /* BG002.png */; };
		8A38C3491802CA3C00DB435F /* Shader.fragsh in Resources */ = {isa = PBXBuildFile; fileRef = 8A38C33D1802C97600DB435F /* Shader.fragsh */; };
		8A38C34A1802CA3C00DB435F /* Shader.vertsh in Resources */ = {isa = PBXBuildFile; fileRef = 8A38C33E1802C97600DB435F /* Shader.vertsh */; };
		8A38C34B1802CA3C00DB435F /* ShaderSimpleFbo.vertsh in Resources */ = {isa = PBXBuildFile; fileRef = 8A38C33F1802C97600DB435F /* ShaderSimpleFbo.vertsh */; };
		8A38C34C1802CA3C00DB435F /* ShaderSimpleTexture.fragsh in Resources */ = {isa = PBXBuildFile; fileRef = 8A38C3401802C97600DB435F /* ShaderSimpleTexture.fragsh */; };
		8A38C34D1802CA3C00DB435F /* ShaderSimpleTexture.vertsh in Resources */ = {isa = PBXBuildFile; fileRef = 8A38C3411802C97600DB435F /* ShaderSimpleTexture.vertsh */; };
		8A38C34E1802CA3C00DB435F /* ShaderSimpleTriangle.vertsh in Resources */ = {isa = PBXBuildFile; fileRef = 8A38C3421802C97600DB435F /* ShaderSimpleTriangle.vertsh */; };
		8A54E2F3181120070063DCA4 /* rectangle.png in Resources */ = {isa = PBXBuildFile; fileRef = 8A54E2F2181120070063DCA4 /* rectangle.png */; };
		8A54E2F618113E450063DCA4 /* ShaderSimpleDodge.fragsh in Resources */ = {isa = PBXBuildFile; fileRef = 8A54E2F418113E450063DCA4 /* ShaderSimpleDodge.fragsh */; };
		8A54E2F718113E450063DCA4 /* ShaderSimpleOverlay.fragsh in Resources */ = {isa = PBXBuildFile; fileRef = 8A54E2F518113E450063DCA4 /* ShaderSimpleOverlay.fragsh */; };
		8A5A16D1180E4A83002E0C29 /* coin_02.jpg in Resources */ = {isa = PBXBuildFile; fileRef = 8A5A16D0180E4A83002E0C29 /* coin_02.jpg */; };
		8A78566817E5B13A001EAB1F /* UIKit.framework in Frameworks */ = {isa = PBXBuildFile; fileRef = 8A78566717E5B13A001EAB1F /* UIKit.framework */; };
		8A78566A17E5B13A001EAB1F /* Foundation.framework in Frameworks */ = {isa = PBXBuildFile; fileRef = 8A78566917E5B13A001EAB1F /* Foundation.framework */; };
		8A78566C17E5B13A001EAB1F /* CoreGraphics.framework in Frameworks */ = {isa = PBXBuildFile; fileRef = 8A78566B17E5B13A001EAB1F /* CoreGraphics.framework */; };
		8A78566E17E5B13A001EAB1F /* GLKit.framework in Frameworks */ = {isa = PBXBuildFile; fileRef = 8A78566D17E5B13A001EAB1F /* GLKit.framework */; };
		8A78567017E5B13A001EAB1F /* OpenGLES.framework in Frameworks */ = {isa = PBXBuildFile; fileRef = 8A78566F17E5B13A001EAB1F /* OpenGLES.framework */; };
		8A78567617E5B13A001EAB1F /* InfoPlist.strings in Resources */ = {isa = PBXBuildFile; fileRef = 8A78567417E5B13A001EAB1F /* InfoPlist.strings */; };
		8A78567817E5B13A001EAB1F /* main.m in Sources */ = {isa = PBXBuildFile; fileRef = 8A78567717E5B13A001EAB1F /* main.m */; };
		8A78567C17E5B13A001EAB1F /* AppDelegate.mm in Sources */ = {isa = PBXBuildFile; fileRef = 8A78567B17E5B13A001EAB1F /* AppDelegate.mm */; };
		8A78567E17E5B13A001EAB1F /* Default.png in Resources */ = {isa = PBXBuildFile; fileRef = 8A78567D17E5B13A001EAB1F /* Default.png */; };
		8A78568017E5B13A001EAB1F /* Default@2x.png in Resources */ = {isa = PBXBuildFile; fileRef = 8A78567F17E5B13A001EAB1F /* Default@2x.png */; };
		8A78568217E5B13A001EAB1F /* Default-568h@2x.png in Resources */ = {isa = PBXBuildFile; fileRef = 8A78568117E5B13A001EAB1F /* Default-568h@2x.png */; };
		8A80C3971812627B00CBA3F7 /* ShaderSimpleBurn.fragsh in Resources */ = {isa = PBXBuildFile; fileRef = 8A80C3961812627B00CBA3F7 /* ShaderSimpleBurn.fragsh */; };
		8A80C39B18126BEB00CBA3F7 /* SelShaderViewController.mm in Sources */ = {isa = PBXBuildFile; fileRef = 8A80C39918126BEB00CBA3F7 /* SelShaderViewController.mm */; };
		8A80C39C18126BEB00CBA3F7 /* SelShaderViewController.xib in Resources */ = {isa = PBXBuildFile; fileRef = 8A80C39A18126BEB00CBA3F7 /* SelShaderViewController.xib */; };
		8A80C39E181287F300CBA3F7 /* ShaderSimpleBlur.fragsh in Resources */ = {isa = PBXBuildFile; fileRef = 8A80C39D181287F300CBA3F7 /* ShaderSimpleBlur.fragsh */; };
		8A97E18E17E6C47700B5B4E8 /* TitleViewController.mm in Sources */ = {isa = PBXBuildFile; fileRef = 8A97E18C17E6C47700B5B4E8 /* TitleViewController.mm */; };
		8A97E18F17E6C47700B5B4E8 /* TitleViewController.xib in Resources */ = {isa = PBXBuildFile; fileRef = 8A97E18D17E6C47700B5B4E8 /* TitleViewController.xib */; };
		8AB644A017E8501700F32580 /* BG001.png in Resources */ = {isa = PBXBuildFile; fileRef = 8AB6449F17E8501700F32580 /* BG001.png */; };
		8AC88E2618053C4D00E9ABE3 /* ShaderFastTexture.fragsh in Resources */ = {isa = PBXBuildFile; fileRef = 8AC88E2518053C4D00E9ABE3 /* ShaderFastTexture.fragsh */; };
		8AD3592C17EAF59F00BE0B1F /* GameViewController.mm in Sources */ = {isa = PBXBuildFile; fileRef = 8AD3592A17EAF59F00BE0B1F /* GameViewController.mm */; };
		8AD3592D17EAF59F00BE0B1F /* GameViewController.xib in Resources */ = {isa = PBXBuildFile; fileRef = 8AD3592B17EAF59F00BE0B1F /* GameViewController.xib */; };
		8AD3592F17EB054E00BE0B1F /* QuartzCore.framework in Frameworks */ = {isa = PBXBuildFile; fileRef = 8AD3592E17EB054E00BE0B1F /* QuartzCore.framework */; };
		8AD66816180BDA4E0044B79B /* ShaderMtrxAlphaTexture.fragsh in Resources */ = {isa = PBXBuildFile; fileRef = 8AD66814180BDA4E0044B79B /* ShaderMtrxAlphaTexture.fragsh */; };
		8AD66817180BDA4E0044B79B /* ShaderMtrxAlphaTexture.vertsh in Resources */ = {isa = PBXBuildFile; fileRef = 8AD66815180BDA4E0044B79B /* ShaderMtrxAlphaTexture.vertsh */; };
		8AD6681D180BFC140044B79B /* ShaderAlphaCancelTexture.fragsh in Resources */ = {isa = PBXBuildFile; fileRef = 8AD6681C180BFC140044B79B /* ShaderAlphaCancelTexture.fragsh */; };
		8AE0B513180FC78400B3F2B2 /* MatrixAndAlpha.mm in Sources */ = {isa = PBXBuildFile; fileRef = 8AE0B512180FC78400B3F2B2 /* MatrixAndAlpha.mm */; };
		8AE0B516180FC79800B3F2B2 /* PartTextureVBuffer.mm in Sources */ = {isa = PBXBuildFile; fileRef = 8AE0B515180FC79800B3F2B2 /* PartTextureVBuffer.mm */; };
		8AE0B51B180FC7B300B3F2B2 /* SimpleFboShader.mm in Sources */ = {isa = PBXBuildFile; fileRef = 8AE0B518180FC7B300B3F2B2 /* SimpleFboShader.mm */; };
		8AE0B51C180FC7B300B3F2B2 /* SimpleFboVBuffer.mm in Sources */ = {isa = PBXBuildFile; fileRef = 8AE0B51A180FC7B300B3F2B2 /* SimpleFboVBuffer.mm */; };
		8AE0B521180FC7CF00B3F2B2 /* SimpleTextureShader.mm in Sources */ = {isa = PBXBuildFile; fileRef = 8AE0B51E180FC7CF00B3F2B2 /* SimpleTextureShader.mm */; };
		8AE0B522180FC7CF00B3F2B2 /* SimpleTextureVBuffer.mm in Sources */ = {isa = PBXBuildFile; fileRef = 8AE0B520180FC7CF00B3F2B2 /* SimpleTextureVBuffer.mm */; };
		8AE0B527180FC7EB00B3F2B2 /* SimpleTriangleBuffer.mm in Sources */ = {isa = PBXBuildFile; fileRef = 8AE0B524180FC7EB00B3F2B2 /* SimpleTriangleBuffer.mm */; };
		8AE0B528180FC7EB00B3F2B2 /* SimpleTriangleShader.mm in Sources */ = {isa = PBXBuildFile; fileRef = 8AE0B526180FC7EB00B3F2B2 /* SimpleTriangleShader.mm */; };
		8AE0B531180FC80A00B3F2B2 /* FboBase.mm in Sources */ = {isa = PBXBuildFile; fileRef = 8AE0B52A180FC80A00B3F2B2 /* FboBase.mm */; };
		8AE0B532180FC80A00B3F2B2 /* ShaderBase.mm in Sources */ = {isa = PBXBuildFile; fileRef = 8AE0B52C180FC80A00B3F2B2 /* ShaderBase.mm */; };
		8AE0B533180FC80A00B3F2B2 /* TextureBase.mm in Sources */ = {isa = PBXBuildFile; fileRef = 8AE0B52E180FC80A00B3F2B2 /* TextureBase.mm */; };
		8AE0B534180FC80A00B3F2B2 /* VArrayBase.mm in Sources */ = {isa = PBXBuildFile; fileRef = 8AE0B530180FC80A00B3F2B2 /* VArrayBase.mm */; };
		8AE0B536180FCE8800B3F2B2 /* circle.png in Resources */ = {isa = PBXBuildFile; fileRef = 8AE0B535180FCE8800B3F2B2 /* circle.png */; };
		8AE0B538180FD6A700B3F2B2 /* ShaderSimpleMultiTexture.fragsh in Resources */ = {isa = PBXBuildFile; fileRef = 8AE0B537180FD6A700B3F2B2 /* ShaderSimpleMultiTexture.fragsh */; };
		8AE0B53B180FD6CF00B3F2B2 /* SimpleMultiTexture.mm in Sources */ = {isa = PBXBuildFile; fileRef = 8AE0B53A180FD6CF00B3F2B2 /* SimpleMultiTexture.mm */; };
/* End PBXBuildFile section */

/* Begin PBXFileReference section */
		8A001D9A18050B230058A0AB /* BG002.png */ = {isa = PBXFileReference; lastKnownFileType = image.png; name = BG002.png; path = resource/graphics/texture/BG002.png; sourceTree = SOURCE_ROOT; };
		8A2A3C8A180BC07800157956 /* gameDefs.h */ = {isa = PBXFileReference; lastKnownFileType = sourcecode.c.h; path = gameDefs.h; sourceTree = "<group>"; };
		8A38C33D1802C97600DB435F /* Shader.fragsh */ = {isa = PBXFileReference; fileEncoding = 4; lastKnownFileType = text; path = Shader.fragsh; sourceTree = "<group>"; };
		8A38C33E1802C97600DB435F /* Shader.vertsh */ = {isa = PBXFileReference; fileEncoding = 4; lastKnownFileType = text; path = Shader.vertsh; sourceTree = "<group>"; };
		8A38C33F1802C97600DB435F /* ShaderSimpleFbo.vertsh */ = {isa = PBXFileReference; fileEncoding = 4; lastKnownFileType = text; path = ShaderSimpleFbo.vertsh; sourceTree = "<group>"; };
		8A38C3401802C97600DB435F /* ShaderSimpleTexture.fragsh */ = {isa = PBXFileReference; fileEncoding = 4; lastKnownFileType = text; path = ShaderSimpleTexture.fragsh; sourceTree = "<group>"; };
		8A38C3411802C97600DB435F /* ShaderSimpleTexture.vertsh */ = {isa = PBXFileReference; fileEncoding = 4; lastKnownFileType = text; path = ShaderSimpleTexture.vertsh; sourceTree = "<group>"; };
		8A38C3421802C97600DB435F /* ShaderSimpleTriangle.vertsh */ = {isa = PBXFileReference; fileEncoding = 4; lastKnownFileType = text; path = ShaderSimpleTriangle.vertsh; sourceTree = "<group>"; };
		8A54E2F2181120070063DCA4 /* rectangle.png */ = {isa = PBXFileReference; lastKnownFileType = image.png; name = rectangle.png; path = resource/graphics/texture/rectangle.png; sourceTree = SOURCE_ROOT; };
		8A54E2F418113E450063DCA4 /* ShaderSimpleDodge.fragsh */ = {isa = PBXFileReference; fileEncoding = 4; lastKnownFileType = text; path = ShaderSimpleDodge.fragsh; sourceTree = "<group>"; };
		8A54E2F518113E450063DCA4 /* ShaderSimpleOverlay.fragsh */ = {isa = PBXFileReference; fileEncoding = 4; lastKnownFileType = text; path = ShaderSimpleOverlay.fragsh; sourceTree = "<group>"; };
		8A5A16D0180E4A83002E0C29 /* coin_02.jpg */ = {isa = PBXFileReference; lastKnownFileType = image.jpeg; name = coin_02.jpg; path = resource/graphics/texture/coin_02.jpg; sourceTree = SOURCE_ROOT; };
		8A78566417E5B13A001EAB1F /* practiceOfGLKView.app */ = {isa = PBXFileReference; explicitFileType = wrapper.application; includeInIndex = 0; path = practiceOfGLKView.app; sourceTree = BUILT_PRODUCTS_DIR; };
		8A78566717E5B13A001EAB1F /* UIKit.framework */ = {isa = PBXFileReference; lastKnownFileType = wrapper.framework; name = UIKit.framework; path = System/Library/Frameworks/UIKit.framework; sourceTree = SDKROOT; };
		8A78566917E5B13A001EAB1F /* Foundation.framework */ = {isa = PBXFileReference; lastKnownFileType = wrapper.framework; name = Foundation.framework; path = System/Library/Frameworks/Foundation.framework; sourceTree = SDKROOT; };
		8A78566B17E5B13A001EAB1F /* CoreGraphics.framework */ = {isa = PBXFileReference; lastKnownFileType = wrapper.framework; name = CoreGraphics.framework; path = System/Library/Frameworks/CoreGraphics.framework; sourceTree = SDKROOT; };
		8A78566D17E5B13A001EAB1F /* GLKit.framework */ = {isa = PBXFileReference; lastKnownFileType = wrapper.framework; name = GLKit.framework; path = System/Library/Frameworks/GLKit.framework; sourceTree = SDKROOT; };
		8A78566F17E5B13A001EAB1F /* OpenGLES.framework */ = {isa = PBXFileReference; lastKnownFileType = wrapper.framework; name = OpenGLES.framework; path = System/Library/Frameworks/OpenGLES.framework; sourceTree = SDKROOT; };
		8A78567317E5B13A001EAB1F /* practiceOfGLKView-Info.plist */ = {isa = PBXFileReference; lastKnownFileType = text.plist.xml; path = "practiceOfGLKView-Info.plist"; sourceTree = "<group>"; };
		8A78567517E5B13A001EAB1F /* en */ = {isa = PBXFileReference; lastKnownFileType = text.plist.strings; name = en; path = en.lproj/InfoPlist.strings; sourceTree = "<group>"; };
		8A78567717E5B13A001EAB1F /* main.m */ = {isa = PBXFileReference; lastKnownFileType = sourcecode.c.objc; path = main.m; sourceTree = "<group>"; };
		8A78567917E5B13A001EAB1F /* practiceOfGLKView-Prefix.pch */ = {isa = PBXFileReference; lastKnownFileType = sourcecode.c.h; path = "practiceOfGLKView-Prefix.pch"; sourceTree = "<group>"; };
		8A78567A17E5B13A001EAB1F /* AppDelegate.h */ = {isa = PBXFileReference; lastKnownFileType = sourcecode.c.h; path = AppDelegate.h; sourceTree = "<group>"; };
		8A78567B17E5B13A001EAB1F /* AppDelegate.mm */ = {isa = PBXFileReference; lastKnownFileType = sourcecode.cpp.objcpp; path = AppDelegate.mm; sourceTree = "<group>"; };
		8A78567D17E5B13A001EAB1F /* Default.png */ = {isa = PBXFileReference; lastKnownFileType = image.png; path = Default.png; sourceTree = "<group>"; };
		8A78567F17E5B13A001EAB1F /* Default@2x.png */ = {isa = PBXFileReference; lastKnownFileType = image.png; path = "Default@2x.png"; sourceTree = "<group>"; };
		8A78568117E5B13A001EAB1F /* Default-568h@2x.png */ = {isa = PBXFileReference; lastKnownFileType = image.png; path = "Default-568h@2x.png"; sourceTree = "<group>"; };
		8A80C3961812627B00CBA3F7 /* ShaderSimpleBurn.fragsh */ = {isa = PBXFileReference; fileEncoding = 4; lastKnownFileType = text; path = ShaderSimpleBurn.fragsh; sourceTree = "<group>"; };
		8A80C39818126BEB00CBA3F7 /* SelShaderViewController.h */ = {isa = PBXFileReference; fileEncoding = 4; lastKnownFileType = sourcecode.c.h; path = SelShaderViewController.h; sourceTree = "<group>"; };
		8A80C39918126BEB00CBA3F7 /* SelShaderViewController.mm */ = {isa = PBXFileReference; fileEncoding = 4; lastKnownFileType = sourcecode.cpp.objcpp; path = SelShaderViewController.mm; sourceTree = "<group>"; };
		8A80C39A18126BEB00CBA3F7 /* SelShaderViewController.xib */ = {isa = PBXFileReference; fileEncoding = 4; lastKnownFileType = file.xib; path = SelShaderViewController.xib; sourceTree = "<group>"; };
		8A80C39D181287F300CBA3F7 /* ShaderSimpleBlur.fragsh */ = {isa = PBXFileReference; fileEncoding = 4; lastKnownFileType = text; path = ShaderSimpleBlur.fragsh; sourceTree = "<group>"; };
		8A97E18B17E6C47700B5B4E8 /* TitleViewController.h */ = {isa = PBXFileReference; fileEncoding = 4; lastKnownFileType = sourcecode.c.h; path = TitleViewController.h; sourceTree = "<group>"; };
		8A97E18C17E6C47700B5B4E8 /* TitleViewController.mm */ = {isa = PBXFileReference; fileEncoding = 4; lastKnownFileType = sourcecode.cpp.objcpp; path = TitleViewController.mm; sourceTree = "<group>"; };
		8A97E18D17E6C47700B5B4E8 /* TitleViewController.xib */ = {isa = PBXFileReference; fileEncoding = 4; lastKnownFileType = file.xib; path = TitleViewController.xib; sourceTree = "<group>"; };
		8AB6449F17E8501700F32580 /* BG001.png */ = {isa = PBXFileReference; lastKnownFileType = image.png; name = BG001.png; path = resource/graphics/texture/BG001.png; sourceTree = SOURCE_ROOT; };
		8AC88E2518053C4D00E9ABE3 /* ShaderFastTexture.fragsh */ = {isa = PBXFileReference; fileEncoding = 4; lastKnownFileType = text; path = ShaderFastTexture.fragsh; sourceTree = "<group>"; };
		8AD3592917EAF59F00BE0B1F /* GameViewController.h */ = {isa = PBXFileReference; fileEncoding = 4; lastKnownFileType = sourcecode.c.h; path = GameViewController.h; sourceTree = "<group>"; };
		8AD3592A17EAF59F00BE0B1F /* GameViewController.mm */ = {isa = PBXFileReference; fileEncoding = 4; lastKnownFileType = sourcecode.cpp.objcpp; path = GameViewController.mm; sourceTree = "<group>"; };
		8AD3592B17EAF59F00BE0B1F /* GameViewController.xib */ = {isa = PBXFileReference; fileEncoding = 4; lastKnownFileType = file.xib; path = GameViewController.xib; sourceTree = "<group>"; };
		8AD3592E17EB054E00BE0B1F /* QuartzCore.framework */ = {isa = PBXFileReference; lastKnownFileType = wrapper.framework; name = QuartzCore.framework; path = System/Library/Frameworks/QuartzCore.framework; sourceTree = SDKROOT; };
		8AD66814180BDA4E0044B79B /* ShaderMtrxAlphaTexture.fragsh */ = {isa = PBXFileReference; fileEncoding = 4; lastKnownFileType = text; path = ShaderMtrxAlphaTexture.fragsh; sourceTree = "<group>"; };
		8AD66815180BDA4E0044B79B /* ShaderMtrxAlphaTexture.vertsh */ = {isa = PBXFileReference; fileEncoding = 4; lastKnownFileType = text; path = ShaderMtrxAlphaTexture.vertsh; sourceTree = "<group>"; };
		8AD6681C180BFC140044B79B /* ShaderAlphaCancelTexture.fragsh */ = {isa = PBXFileReference; fileEncoding = 4; lastKnownFileType = text; path = ShaderAlphaCancelTexture.fragsh; sourceTree = "<group>"; };
		8AE0B511180FC78400B3F2B2 /* MatrixAndAlpha.h */ = {isa = PBXFileReference; fileEncoding = 4; lastKnownFileType = sourcecode.c.h; name = MatrixAndAlpha.h; path = ES2/MatrixAndAlpha.h; sourceTree = "<group>"; };
		8AE0B512180FC78400B3F2B2 /* MatrixAndAlpha.mm */ = {isa = PBXFileReference; fileEncoding = 4; lastKnownFileType = sourcecode.cpp.objcpp; name = MatrixAndAlpha.mm; path = ES2/MatrixAndAlpha.mm; sourceTree = "<group>"; };
		8AE0B514180FC79800B3F2B2 /* PartTextureVBuffer.h */ = {isa = PBXFileReference; fileEncoding = 4; lastKnownFileType = sourcecode.c.h; name = PartTextureVBuffer.h; path = ES2/PartTextureVBuffer.h; sourceTree = "<group>"; };
		8AE0B515180FC79800B3F2B2 /* PartTextureVBuffer.mm */ = {isa = PBXFileReference; fileEncoding = 4; lastKnownFileType = sourcecode.cpp.objcpp; name = PartTextureVBuffer.mm; path = ES2/PartTextureVBuffer.mm; sourceTree = "<group>"; };
		8AE0B517180FC7B300B3F2B2 /* SimpleFboShader.h */ = {isa = PBXFileReference; fileEncoding = 4; lastKnownFileType = sourcecode.c.h; name = SimpleFboShader.h; path = ES2/SimpleFboShader.h; sourceTree = "<group>"; };
		8AE0B518180FC7B300B3F2B2 /* SimpleFboShader.mm */ = {isa = PBXFileReference; fileEncoding = 4; lastKnownFileType = sourcecode.cpp.objcpp; name = SimpleFboShader.mm; path = ES2/SimpleFboShader.mm; sourceTree = "<group>"; };
		8AE0B519180FC7B300B3F2B2 /* SimpleFboVBuffer.h */ = {isa = PBXFileReference; fileEncoding = 4; lastKnownFileType = sourcecode.c.h; name = SimpleFboVBuffer.h; path = ES2/SimpleFboVBuffer.h; sourceTree = "<group>"; };
		8AE0B51A180FC7B300B3F2B2 /* SimpleFboVBuffer.mm */ = {isa = PBXFileReference; fileEncoding = 4; lastKnownFileType = sourcecode.cpp.objcpp; name = SimpleFboVBuffer.mm; path = ES2/SimpleFboVBuffer.mm; sourceTree = "<group>"; };
		8AE0B51D180FC7CF00B3F2B2 /* SimpleTextureShader.h */ = {isa = PBXFileReference; fileEncoding = 4; lastKnownFileType = sourcecode.c.h; name = SimpleTextureShader.h; path = ES2/SimpleTextureShader.h; sourceTree = "<group>"; };
		8AE0B51E180FC7CF00B3F2B2 /* SimpleTextureShader.mm */ = {isa = PBXFileReference; fileEncoding = 4; lastKnownFileType = sourcecode.cpp.objcpp; name = SimpleTextureShader.mm; path = ES2/SimpleTextureShader.mm; sourceTree = "<group>"; };
		8AE0B51F180FC7CF00B3F2B2 /* SimpleTextureVBuffer.h */ = {isa = PBXFileReference; fileEncoding = 4; lastKnownFileType = sourcecode.c.h; name = SimpleTextureVBuffer.h; path = ES2/SimpleTextureVBuffer.h; sourceTree = "<group>"; };
		8AE0B520180FC7CF00B3F2B2 /* SimpleTextureVBuffer.mm */ = {isa = PBXFileReference; fileEncoding = 4; lastKnownFileType = sourcecode.cpp.objcpp; name = SimpleTextureVBuffer.mm; path = ES2/SimpleTextureVBuffer.mm; sourceTree = "<group>"; };
		8AE0B523180FC7EB00B3F2B2 /* SimpleTriangleBuffer.h */ = {isa = PBXFileReference; fileEncoding = 4; lastKnownFileType = sourcecode.c.h; name = SimpleTriangleBuffer.h; path = ES2/SimpleTriangleBuffer.h; sourceTree = "<group>"; };
		8AE0B524180FC7EB00B3F2B2 /* SimpleTriangleBuffer.mm */ = {isa = PBXFileReference; fileEncoding = 4; lastKnownFileType = sourcecode.cpp.objcpp; name = SimpleTriangleBuffer.mm; path = ES2/SimpleTriangleBuffer.mm; sourceTree = "<group>"; };
		8AE0B525180FC7EB00B3F2B2 /* SimpleTriangleShader.h */ = {isa = PBXFileReference; fileEncoding = 4; lastKnownFileType = sourcecode.c.h; name = SimpleTriangleShader.h; path = ES2/SimpleTriangleShader.h; sourceTree = "<group>"; };
		8AE0B526180FC7EB00B3F2B2 /* SimpleTriangleShader.mm */ = {isa = PBXFileReference; fileEncoding = 4; lastKnownFileType = sourcecode.cpp.objcpp; name = SimpleTriangleShader.mm; path = ES2/SimpleTriangleShader.mm; sourceTree = "<group>"; };
		8AE0B529180FC80A00B3F2B2 /* FboBase.h */ = {isa = PBXFileReference; fileEncoding = 4; lastKnownFileType = sourcecode.c.h; name = FboBase.h; path = ES2/FboBase.h; sourceTree = "<group>"; };
		8AE0B52A180FC80A00B3F2B2 /* FboBase.mm */ = {isa = PBXFileReference; fileEncoding = 4; lastKnownFileType = sourcecode.cpp.objcpp; name = FboBase.mm; path = ES2/FboBase.mm; sourceTree = "<group>"; };
		8AE0B52B180FC80A00B3F2B2 /* ShaderBase.h */ = {isa = PBXFileReference; fileEncoding = 4; lastKnownFileType = sourcecode.c.h; name = ShaderBase.h; path = ES2/ShaderBase.h; sourceTree = "<group>"; };
		8AE0B52C180FC80A00B3F2B2 /* ShaderBase.mm */ = {isa = PBXFileReference; fileEncoding = 4; lastKnownFileType = sourcecode.cpp.objcpp; name = ShaderBase.mm; path = ES2/ShaderBase.mm; sourceTree = "<group>"; };
		8AE0B52D180FC80A00B3F2B2 /* TextureBase.h */ = {isa = PBXFileReference; fileEncoding = 4; lastKnownFileType = sourcecode.c.h; name = TextureBase.h; path = ES2/TextureBase.h; sourceTree = "<group>"; };
		8AE0B52E180FC80A00B3F2B2 /* TextureBase.mm */ = {isa = PBXFileReference; fileEncoding = 4; lastKnownFileType = sourcecode.cpp.objcpp; name = TextureBase.mm; path = ES2/TextureBase.mm; sourceTree = "<group>"; };
		8AE0B52F180FC80A00B3F2B2 /* VArrayBase.h */ = {isa = PBXFileReference; fileEncoding = 4; lastKnownFileType = sourcecode.c.h; name = VArrayBase.h; path = ES2/VArrayBase.h; sourceTree = "<group>"; };
		8AE0B530180FC80A00B3F2B2 /* VArrayBase.mm */ = {isa = PBXFileReference; fileEncoding = 4; lastKnownFileType = sourcecode.cpp.objcpp; name = VArrayBase.mm; path = ES2/VArrayBase.mm; sourceTree = "<group>"; };
		8AE0B535180FCE8800B3F2B2 /* circle.png */ = {isa = PBXFileReference; lastKnownFileType = image.png; name = circle.png; path = resource/graphics/texture/circle.png; sourceTree = SOURCE_ROOT; };
		8AE0B537180FD6A700B3F2B2 /* ShaderSimpleMultiTexture.fragsh */ = {isa = PBXFileReference; fileEncoding = 4; lastKnownFileType = text; path = ShaderSimpleMultiTexture.fragsh; sourceTree = "<group>"; };
		8AE0B539180FD6CF00B3F2B2 /* SimpleMultiTexture.h */ = {isa = PBXFileReference; fileEncoding = 4; lastKnownFileType = sourcecode.c.h; name = SimpleMultiTexture.h; path = ES2/SimpleMultiTexture.h; sourceTree = "<group>"; };
		8AE0B53A180FD6CF00B3F2B2 /* SimpleMultiTexture.mm */ = {isa = PBXFileReference; fileEncoding = 4; lastKnownFileType = sourcecode.cpp.objcpp; name = SimpleMultiTexture.mm; path = ES2/SimpleMultiTexture.mm; sourceTree = "<group>"; };
/* End PBXFileReference section */

/* Begin PBXFrameworksBuildPhase section */
		8A78566117E5B13A001EAB1F /* Frameworks */ = {
			isa = PBXFrameworksBuildPhase;
			buildActionMask = 2147483647;
			files = (
				8AD3592F17EB054E00BE0B1F /* QuartzCore.framework in Frameworks */,
				8A78566817E5B13A001EAB1F /* UIKit.framework in Frameworks */,
				8A78566A17E5B13A001EAB1F /* Foundation.framework in Frameworks */,
				8A78566C17E5B13A001EAB1F /* CoreGraphics.framework in Frameworks */,
				8A78566E17E5B13A001EAB1F /* GLKit.framework in Frameworks */,
				8A78567017E5B13A001EAB1F /* OpenGLES.framework in Frameworks */,
			);
			runOnlyForDeploymentPostprocessing = 0;
		};
/* End PBXFrameworksBuildPhase section */

/* Begin PBXGroup section */
		8A001D9F18050CF50058A0AB /* PartTexture */ = {
			isa = PBXGroup;
			children = (
				8AE0B514180FC79800B3F2B2 /* PartTextureVBuffer.h */,
				8AE0B515180FC79800B3F2B2 /* PartTextureVBuffer.mm */,
			);
			name = PartTexture;
			sourceTree = "<group>";
		};
		8A38C3231802C43800DB435F /* src */ = {
			isa = PBXGroup;
			children = (
				8A38C3241802C43800DB435F /* shaders */,
			);
			name = src;
			path = resource/src;
			sourceTree = SOURCE_ROOT;
		};
		8A38C3241802C43800DB435F /* shaders */ = {
			isa = PBXGroup;
			children = (
				8A80C39D181287F300CBA3F7 /* ShaderSimpleBlur.fragsh */,
				8A80C3961812627B00CBA3F7 /* ShaderSimpleBurn.fragsh */,
				8A54E2F418113E450063DCA4 /* ShaderSimpleDodge.fragsh */,
				8A54E2F518113E450063DCA4 /* ShaderSimpleOverlay.fragsh */,
				8AE0B537180FD6A700B3F2B2 /* ShaderSimpleMultiTexture.fragsh */,
				8AD6681C180BFC140044B79B /* ShaderAlphaCancelTexture.fragsh */,
				8AD66814180BDA4E0044B79B /* ShaderMtrxAlphaTexture.fragsh */,
				8AD66815180BDA4E0044B79B /* ShaderMtrxAlphaTexture.vertsh */,
				8AC88E2518053C4D00E9ABE3 /* ShaderFastTexture.fragsh */,
				8A38C33D1802C97600DB435F /* Shader.fragsh */,
				8A38C33E1802C97600DB435F /* Shader.vertsh */,
				8A38C33F1802C97600DB435F /* ShaderSimpleFbo.vertsh */,
				8A38C3401802C97600DB435F /* ShaderSimpleTexture.fragsh */,
				8A38C3411802C97600DB435F /* ShaderSimpleTexture.vertsh */,
				8A38C3421802C97600DB435F /* ShaderSimpleTriangle.vertsh */,
			);
			path = shaders;
			sourceTree = "<group>";
		};
		8A5A16D2180E4DDF002E0C29 /* testMultitexture */ = {
			isa = PBXGroup;
			children = (
				8AE0B539180FD6CF00B3F2B2 /* SimpleMultiTexture.h */,
				8AE0B53A180FD6CF00B3F2B2 /* SimpleMultiTexture.mm */,
			);
			name = testMultitexture;
			sourceTree = "<group>";
		};
		8A78565B17E5B13A001EAB1F = {
			isa = PBXGroup;
			children = (
				8AD3592E17EB054E00BE0B1F /* QuartzCore.framework */,
				8A78567117E5B13A001EAB1F /* practiceOfGLKView */,
				8A78566617E5B13A001EAB1F /* Frameworks */,
				8A78566517E5B13A001EAB1F /* Products */,
			);
			sourceTree = "<group>";
		};
		8A78566517E5B13A001EAB1F /* Products */ = {
			isa = PBXGroup;
			children = (
				8A78566417E5B13A001EAB1F /* practiceOfGLKView.app */,
			);
			name = Products;
			sourceTree = "<group>";
		};
		8A78566617E5B13A001EAB1F /* Frameworks */ = {
			isa = PBXGroup;
			children = (
				8A78566717E5B13A001EAB1F /* UIKit.framework */,
				8A78566917E5B13A001EAB1F /* Foundation.framework */,
				8A78566B17E5B13A001EAB1F /* CoreGraphics.framework */,
				8A78566D17E5B13A001EAB1F /* GLKit.framework */,
				8A78566F17E5B13A001EAB1F /* OpenGLES.framework */,
			);
			name = Frameworks;
			sourceTree = "<group>";
		};
		8A78567117E5B13A001EAB1F /* practiceOfGLKView */ = {
			isa = PBXGroup;
			children = (
				8AD13D8217E6BDDA00FB0A46 /* shaderAndBuffer */,
				8AD13D8117E6BDBB00FB0A46 /* viewAndController */,
				8A78567A17E5B13A001EAB1F /* AppDelegate.h */,
				8A78567B17E5B13A001EAB1F /* AppDelegate.mm */,
				8AB6449C17E84F9B00F32580 /* resource */,
				8A78567217E5B13A001EAB1F /* Supporting Files */,
				8A2A3C8A180BC07800157956 /* gameDefs.h */,
			);
			path = practiceOfGLKView;
			sourceTree = "<group>";
		};
		8A78567217E5B13A001EAB1F /* Supporting Files */ = {
			isa = PBXGroup;
			children = (
				8A78567317E5B13A001EAB1F /* practiceOfGLKView-Info.plist */,
				8A78567417E5B13A001EAB1F /* InfoPlist.strings */,
				8A78567717E5B13A001EAB1F /* main.m */,
				8A78567917E5B13A001EAB1F /* practiceOfGLKView-Prefix.pch */,
				8A78567D17E5B13A001EAB1F /* Default.png */,
				8A78567F17E5B13A001EAB1F /* Default@2x.png */,
				8A78568117E5B13A001EAB1F /* Default-568h@2x.png */,
			);
			name = "Supporting Files";
			sourceTree = "<group>";
		};
		8AB6448817E83B1400F32580 /* base */ = {
			isa = PBXGroup;
			children = (
				8AE0B529180FC80A00B3F2B2 /* FboBase.h */,
				8AE0B52A180FC80A00B3F2B2 /* FboBase.mm */,
				8AE0B52B180FC80A00B3F2B2 /* ShaderBase.h */,
				8AE0B52C180FC80A00B3F2B2 /* ShaderBase.mm */,
				8AE0B52D180FC80A00B3F2B2 /* TextureBase.h */,
				8AE0B52E180FC80A00B3F2B2 /* TextureBase.mm */,
				8AE0B52F180FC80A00B3F2B2 /* VArrayBase.h */,
				8AE0B530180FC80A00B3F2B2 /* VArrayBase.mm */,
			);
			name = base;
			sourceTree = "<group>";
		};
		8AB6448A17E83B7100F32580 /* testSimpleTriangle */ = {
			isa = PBXGroup;
			children = (
				8AE0B523180FC7EB00B3F2B2 /* SimpleTriangleBuffer.h */,
				8AE0B524180FC7EB00B3F2B2 /* SimpleTriangleBuffer.mm */,
				8AE0B525180FC7EB00B3F2B2 /* SimpleTriangleShader.h */,
				8AE0B526180FC7EB00B3F2B2 /* SimpleTriangleShader.mm */,
			);
			name = testSimpleTriangle;
			sourceTree = "<group>";
		};
		8AB6448F17E843E100F32580 /* testSimpleTexture */ = {
			isa = PBXGroup;
			children = (
				8AE0B51D180FC7CF00B3F2B2 /* SimpleTextureShader.h */,
				8AE0B51E180FC7CF00B3F2B2 /* SimpleTextureShader.mm */,
				8AE0B51F180FC7CF00B3F2B2 /* SimpleTextureVBuffer.h */,
				8AE0B520180FC7CF00B3F2B2 /* SimpleTextureVBuffer.mm */,
			);
			name = testSimpleTexture;
			sourceTree = "<group>";
		};
		8AB6449C17E84F9B00F32580 /* resource */ = {
			isa = PBXGroup;
			children = (
				8A38C3231802C43800DB435F /* src */,
				8AB6449D17E84FAE00F32580 /* graphics */,
			);
			name = resource;
			sourceTree = "<group>";
		};
		8AB6449D17E84FAE00F32580 /* graphics */ = {
			isa = PBXGroup;
			children = (
				8AB6449E17E84FB700F32580 /* textures */,
			);
			name = graphics;
			sourceTree = "<group>";
		};
		8AB6449E17E84FB700F32580 /* textures */ = {
			isa = PBXGroup;
			children = (
				8A54E2F2181120070063DCA4 /* rectangle.png */,
				8AE0B535180FCE8800B3F2B2 /* circle.png */,
				8A5A16D0180E4A83002E0C29 /* coin_02.jpg */,
				8A001D9A18050B230058A0AB /* BG002.png */,
				8AB6449F17E8501700F32580 /* BG001.png */,
			);
			name = textures;
			sourceTree = "<group>";
		};
		8AC75BAC17FEC2BB00CE96DE /* fboRender */ = {
			isa = PBXGroup;
			children = (
				8AE0B517180FC7B300B3F2B2 /* SimpleFboShader.h */,
				8AE0B518180FC7B300B3F2B2 /* SimpleFboShader.mm */,
				8AE0B519180FC7B300B3F2B2 /* SimpleFboVBuffer.h */,
				8AE0B51A180FC7B300B3F2B2 /* SimpleFboVBuffer.mm */,
			);
			name = fboRender;
			sourceTree = "<group>";
		};
		8AD13D8117E6BDBB00FB0A46 /* viewAndController */ = {
			isa = PBXGroup;
			children = (
				8A97E18B17E6C47700B5B4E8 /* TitleViewController.h */,
				8A97E18C17E6C47700B5B4E8 /* TitleViewController.mm */,
				8A97E18D17E6C47700B5B4E8 /* TitleViewController.xib */,
				8AD3592917EAF59F00BE0B1F /* GameViewController.h */,
				8AD3592A17EAF59F00BE0B1F /* GameViewController.mm */,
				8AD3592B17EAF59F00BE0B1F /* GameViewController.xib */,
				8A80C39818126BEB00CBA3F7 /* SelShaderViewController.h */,
				8A80C39918126BEB00CBA3F7 /* SelShaderViewController.mm */,
				8A80C39A18126BEB00CBA3F7 /* SelShaderViewController.xib */,
			);
			name = viewAndController;
			sourceTree = "<group>";
		};
		8AD13D8217E6BDDA00FB0A46 /* shaderAndBuffer */ = {
			isa = PBXGroup;
			children = (
				8A5A16D2180E4DDF002E0C29 /* testMultitexture */,
				8AD66818180BDD4A0044B79B /* matrixAndAlpha */,
				8A001D9F18050CF50058A0AB /* PartTexture */,
				8AC75BAC17FEC2BB00CE96DE /* fboRender */,
				8AB6448F17E843E100F32580 /* testSimpleTexture */,
				8AB6448A17E83B7100F32580 /* testSimpleTriangle */,
				8AB6448817E83B1400F32580 /* base */,
			);
			name = shaderAndBuffer;
			sourceTree = "<group>";
		};
		8AD66818180BDD4A0044B79B /* matrixAndAlpha */ = {
			isa = PBXGroup;
			children = (
				8AE0B511180FC78400B3F2B2 /* MatrixAndAlpha.h */,
				8AE0B512180FC78400B3F2B2 /* MatrixAndAlpha.mm */,
			);
			name = matrixAndAlpha;
			sourceTree = "<group>";
		};
/* End PBXGroup section */

/* Begin PBXNativeTarget section */
		8A78566317E5B13A001EAB1F /* practiceOfGLKView */ = {
			isa = PBXNativeTarget;
			buildConfigurationList = 8A78568F17E5B13A001EAB1F /* Build configuration list for PBXNativeTarget "practiceOfGLKView" */;
			buildPhases = (
				8A78566017E5B13A001EAB1F /* Sources */,
				8A78566117E5B13A001EAB1F /* Frameworks */,
				8A78566217E5B13A001EAB1F /* Resources */,
			);
			buildRules = (
			);
			dependencies = (
			);
			name = practiceOfGLKView;
			productName = practiceOfGLKView;
			productReference = 8A78566417E5B13A001EAB1F /* practiceOfGLKView.app */;
			productType = "com.apple.product-type.application";
		};
/* End PBXNativeTarget section */

/* Begin PBXProject section */
		8A78565C17E5B13A001EAB1F /* Project object */ = {
			isa = PBXProject;
			attributes = {
				LastUpgradeCheck = 0460;
				ORGANIZATIONNAME = nakano_michiharu;
			};
			buildConfigurationList = 8A78565F17E5B13A001EAB1F /* Build configuration list for PBXProject "practiceOfGLKView" */;
			compatibilityVersion = "Xcode 3.2";
			developmentRegion = English;
			hasScannedForEncodings = 0;
			knownRegions = (
				en,
			);
			mainGroup = 8A78565B17E5B13A001EAB1F;
			productRefGroup = 8A78566517E5B13A001EAB1F /* Products */;
			projectDirPath = "";
			projectRoot = "";
			targets = (
				8A78566317E5B13A001EAB1F /* practiceOfGLKView */,
			);
		};
/* End PBXProject section */

/* Begin PBXResourcesBuildPhase section */
		8A78566217E5B13A001EAB1F /* Resources */ = {
			isa = PBXResourcesBuildPhase;
			buildActionMask = 2147483647;
			files = (
				8A38C3491802CA3C00DB435F /* Shader.fragsh in Resources */,
				8A001D9B18050B230058A0AB /* BG002.png in Resources */,
				8A38C34A1802CA3C00DB435F /* Shader.vertsh in Resources */,
				8A38C34B1802CA3C00DB435F /* ShaderSimpleFbo.vertsh in Resources */,
				8A38C34C1802CA3C00DB435F /* ShaderSimpleTexture.fragsh in Resources */,
				8A38C34D1802CA3C00DB435F /* ShaderSimpleTexture.vertsh in Resources */,
				8A38C34E1802CA3C00DB435F /* ShaderSimpleTriangle.vertsh in Resources */,
				8A78567617E5B13A001EAB1F /* InfoPlist.strings in Resources */,
				8A78567E17E5B13A001EAB1F /* Default.png in Resources */,
				8A78568017E5B13A001EAB1F /* Default@2x.png in Resources */,
				8A78568217E5B13A001EAB1F /* Default-568h@2x.png in Resources */,
				8A97E18F17E6C47700B5B4E8 /* TitleViewController.xib in Resources */,
				8AB644A017E8501700F32580 /* BG001.png in Resources */,
				8AC88E2618053C4D00E9ABE3 /* ShaderFastTexture.fragsh in Resources */,
				8AD3592D17EAF59F00BE0B1F /* GameViewController.xib in Resources */,
				8AD66816180BDA4E0044B79B /* ShaderMtrxAlphaTexture.fragsh in Resources */,
				8AD66817180BDA4E0044B79B /* ShaderMtrxAlphaTexture.vertsh in Resources */,
				8AD6681D180BFC140044B79B /* ShaderAlphaCancelTexture.fragsh in Resources */,
				8A5A16D1180E4A83002E0C29 /* coin_02.jpg in Resources */,
				8AE0B536180FCE8800B3F2B2 /* circle.png in Resources */,
				8AE0B538180FD6A700B3F2B2 /* ShaderSimpleMultiTexture.fragsh in Resources */,
				8A54E2F3181120070063DCA4 /* rectangle.png in Resources */,
				8A54E2F618113E450063DCA4 /* ShaderSimpleDodge.fragsh in Resources */,
				8A54E2F718113E450063DCA4 /* ShaderSimpleOverlay.fragsh in Resources */,
				8A80C3971812627B00CBA3F7 /* ShaderSimpleBurn.fragsh in Resources */,
				8A80C39C18126BEB00CBA3F7 /* SelShaderViewController.xib in Resources */,
				8A80C39E181287F300CBA3F7 /* ShaderSimpleBlur.fragsh in Resources */,
			);
			runOnlyForDeploymentPostprocessing = 0;
		};
/* End PBXResourcesBuildPhase section */

/* Begin PBXSourcesBuildPhase section */
		8A78566017E5B13A001EAB1F /* Sources */ = {
			isa = PBXSourcesBuildPhase;
			buildActionMask = 2147483647;
			files = (
				8A78567817E5B13A001EAB1F /* main.m in Sources */,
				8A78567C17E5B13A001EAB1F /* AppDelegate.mm in Sources */,
				8A97E18E17E6C47700B5B4E8 /* TitleViewController.mm in Sources */,
				8AD3592C17EAF59F00BE0B1F /* GameViewController.mm in Sources */,
				8AE0B513180FC78400B3F2B2 /* MatrixAndAlpha.mm in Sources */,
				8AE0B516180FC79800B3F2B2 /* PartTextureVBuffer.mm in Sources */,
				8AE0B51B180FC7B300B3F2B2 /* SimpleFboShader.mm in Sources */,
				8AE0B51C180FC7B300B3F2B2 /* SimpleFboVBuffer.mm in Sources */,
				8AE0B521180FC7CF00B3F2B2 /* SimpleTextureShader.mm in Sources */,
				8AE0B522180FC7CF00B3F2B2 /* SimpleTextureVBuffer.mm in Sources */,
				8AE0B527180FC7EB00B3F2B2 /* SimpleTriangleBuffer.mm in Sources */,
				8AE0B528180FC7EB00B3F2B2 /* SimpleTriangleShader.mm in Sources */,
				8AE0B531180FC80A00B3F2B2 /* FboBase.mm in Sources */,
				8AE0B532180FC80A00B3F2B2 /* ShaderBase.mm in Sources */,
				8AE0B533180FC80A00B3F2B2 /* TextureBase.mm in Sources */,
				8AE0B534180FC80A00B3F2B2 /* VArrayBase.mm in Sources */,
				8AE0B53B180FD6CF00B3F2B2 /* SimpleMultiTexture.mm in Sources */,
				8A80C39B18126BEB00CBA3F7 /* SelShaderViewController.mm in Sources */,
			);
			runOnlyForDeploymentPostprocessing = 0;
		};
/* End PBXSourcesBuildPhase section */

/* Begin PBXVariantGroup section */
		8A78567417E5B13A001EAB1F /* InfoPlist.strings */ = {
			isa = PBXVariantGroup;
			children = (
				8A78567517E5B13A001EAB1F /* en */,
			);
			name = InfoPlist.strings;
			sourceTree = "<group>";
		};
/* End PBXVariantGroup section */

/* Begin XCBuildConfiguration section */
		8A78568D17E5B13A001EAB1F /* Debug */ = {
			isa = XCBuildConfiguration;
			buildSettings = {
				ALWAYS_SEARCH_USER_PATHS = NO;
				CLANG_CXX_LANGUAGE_STANDARD = "gnu++0x";
				CLANG_CXX_LIBRARY = "libc++";
				CLANG_WARN_CONSTANT_CONVERSION = YES;
				CLANG_WARN_EMPTY_BODY = YES;
				CLANG_WARN_ENUM_CONVERSION = YES;
				CLANG_WARN_INT_CONVERSION = YES;
				CLANG_WARN__DUPLICATE_METHOD_MATCH = YES;
				"CODE_SIGN_IDENTITY[sdk=iphoneos*]" = "iPhone Developer";
				COPY_PHASE_STRIP = NO;
				GCC_C_LANGUAGE_STANDARD = gnu99;
				GCC_DYNAMIC_NO_PIC = NO;
				GCC_OPTIMIZATION_LEVEL = 0;
				GCC_PREPROCESSOR_DEFINITIONS = (
					"DEBUG=1",
					"$(inherited)",
				);
				GCC_SYMBOLS_PRIVATE_EXTERN = NO;
				GCC_WARN_ABOUT_RETURN_TYPE = YES;
				GCC_WARN_UNINITIALIZED_AUTOS = YES;
				GCC_WARN_UNUSED_VARIABLE = YES;
				IPHONEOS_DEPLOYMENT_TARGET = 6.1;
				ONLY_ACTIVE_ARCH = YES;
				SDKROOT = iphoneos;
			};
			name = Debug;
		};
		8A78568E17E5B13A001EAB1F /* Release */ = {
			isa = XCBuildConfiguration;
			buildSettings = {
				ALWAYS_SEARCH_USER_PATHS = NO;
				CLANG_CXX_LANGUAGE_STANDARD = "gnu++0x";
				CLANG_CXX_LIBRARY = "libc++";
				CLANG_WARN_CONSTANT_CONVERSION = YES;
				CLANG_WARN_EMPTY_BODY = YES;
				CLANG_WARN_ENUM_CONVERSION = YES;
				CLANG_WARN_INT_CONVERSION = YES;
				CLANG_WARN__DUPLICATE_METHOD_MATCH = YES;
				"CODE_SIGN_IDENTITY[sdk=iphoneos*]" = "iPhone Developer";
				COPY_PHASE_STRIP = YES;
				GCC_C_LANGUAGE_STANDARD = gnu99;
				GCC_WARN_ABOUT_RETURN_TYPE = YES;
				GCC_WARN_UNINITIALIZED_AUTOS = YES;
				GCC_WARN_UNUSED_VARIABLE = YES;
				IPHONEOS_DEPLOYMENT_TARGET = 6.1;
				OTHER_CFLAGS = "-DNS_BLOCK_ASSERTIONS=1";
				SDKROOT = iphoneos;
				VALIDATE_PRODUCT = YES;
			};
			name = Release;
		};
		8A78569017E5B13A001EAB1F /* Debug */ = {
			isa = XCBuildConfiguration;
			buildSettings = {
				GCC_PRECOMPILE_PREFIX_HEADER = YES;
				GCC_PREFIX_HEADER = "practiceOfGLKView/practiceOfGLKView-Prefix.pch";
				INFOPLIST_FILE = "practiceOfGLKView/practiceOfGLKView-Info.plist";
				IPHONEOS_DEPLOYMENT_TARGET = 5.0;
				PRODUCT_NAME = "$(TARGET_NAME)";
				WRAPPER_EXTENSION = app;
			};
			name = Debug;
		};
		8A78569117E5B13A001EAB1F /* Release */ = {
			isa = XCBuildConfiguration;
			buildSettings = {
				GCC_PRECOMPILE_PREFIX_HEADER = YES;
				GCC_PREFIX_HEADER = "practiceOfGLKView/practiceOfGLKView-Prefix.pch";
				INFOPLIST_FILE = "practiceOfGLKView/practiceOfGLKView-Info.plist";
				IPHONEOS_DEPLOYMENT_TARGET = 5.0;
				PRODUCT_NAME = "$(TARGET_NAME)";
				WRAPPER_EXTENSION = app;
			};
			name = Release;
		};
/* End XCBuildConfiguration section */

/* Begin XCConfigurationList section */
		8A78565F17E5B13A001EAB1F /* Build configuration list for PBXProject "practiceOfGLKView" */ = {
			isa = XCConfigurationList;
			buildConfigurations = (
				8A78568D17E5B13A001EAB1F /* Debug */,
				8A78568E17E5B13A001EAB1F /* Release */,
			);
			defaultConfigurationIsVisible = 0;
			defaultConfigurationName = Release;
		};
		8A78568F17E5B13A001EAB1F /* Build configuration list for PBXNativeTarget "practiceOfGLKView" */ = {
			isa = XCConfigurationList;
			buildConfigurations = (
				8A78569017E5B13A001EAB1F /* Debug */,
				8A78569117E5B13A001EAB1F /* Release */,
			);
			defaultConfigurationIsVisible = 0;
			defaultConfigurationName = Release;
		};
/* End XCConfigurationList section */
	};
	rootObject = 8A78565C17E5B13A001EAB1F /* Project object */;
}
